
Microsoft Visual Studio Solution File, Format Version 12.00
# Visual Studio 2013
VisualStudioVersion = 12.0.30723.0
MinimumVisualStudioVersion = 10.0.40219.1
Project("{2150E333-8FDC-42A3-9474-1A3956D46DE8}") = "Samples", "Samples", "{BFF37688-E2D8-424B-8EA9-32328F0837B9}"
EndProject
Project("{2150E333-8FDC-42A3-9474-1A3956D46DE8}") = "Demos", "Demos", "{74402C97-6458-4B8E-9DA6-DCF5DF6C6884}"
EndProject
Project("{2150E333-8FDC-42A3-9474-1A3956D46DE8}") = "Tests", "Tests", "{6826215F-38F3-412D-8255-7A6BD788018B}"
EndProject
Project("{FAE04EC0-301F-11D3-BF4B-00C04F79EFBC}") = "Buffer", "Samples\Buffer\Buffer.csproj", "{A1BDB54C-CB6A-4058-9DD0-25283D043E95}"
	ProjectSection(ProjectDependencies) = postProject
		{6337EF76-989D-4F38-8CE9-691D87CF428C} = {6337EF76-989D-4F38-8CE9-691D87CF428C}
	EndProjectSection
EndProject
Project("{FAE04EC0-301F-11D3-BF4B-00C04F79EFBC}") = "ReaderWriter", "Samples\ReaderWriter\ReaderWriter.csproj", "{49761CD0-1681-4A8B-869F-60B402894436}"
	ProjectSection(ProjectDependencies) = postProject
		{6337EF76-989D-4F38-8CE9-691D87CF428C} = {6337EF76-989D-4F38-8CE9-691D87CF428C}
	EndProjectSection
EndProject
Project("{FAE04EC0-301F-11D3-BF4B-00C04F79EFBC}") = "Santa", "Samples\Santa\Santa.csproj", "{58E45382-1588-4873-8F9F-6D7F7533FE4F}"
	ProjectSection(ProjectDependencies) = postProject
		{6337EF76-989D-4F38-8CE9-691D87CF428C} = {6337EF76-989D-4F38-8CE9-691D87CF428C}
	EndProjectSection
EndProject
Project("{F184B08F-C81C-45F6-A57F-5ABD9991F28F}") = "VBBuffer", "Samples\VBBuffer\VBBuffer.vbproj", "{86D15812-EED0-40D3-B3B6-E562A327D9BE}"
	ProjectSection(ProjectDependencies) = postProject
		{6337EF76-989D-4F38-8CE9-691D87CF428C} = {6337EF76-989D-4F38-8CE9-691D87CF428C}
	EndProjectSection
EndProject
Project("{FAE04EC0-301F-11D3-BF4B-00C04F79EFBC}") = "AsyncService", "Samples\AsyncService\AsyncService.csproj", "{024BF7CA-8E00-47C0-8492-917A8B73446D}"
	ProjectSection(ProjectDependencies) = postProject
		{6337EF76-989D-4F38-8CE9-691D87CF428C} = {6337EF76-989D-4F38-8CE9-691D87CF428C}
	EndProjectSection
EndProject
Project("{FAE04EC0-301F-11D3-BF4B-00C04F79EFBC}") = "LargeJoin", "Samples\LargeJoin\LargeJoin.csproj", "{35CF69F8-3886-4718-86FD-9B66DC4454B8}"
	ProjectSection(ProjectDependencies) = postProject
		{6337EF76-989D-4F38-8CE9-691D87CF428C} = {6337EF76-989D-4F38-8CE9-691D87CF428C}
	EndProjectSection
EndProject
Project("{FAE04EC0-301F-11D3-BF4B-00C04F79EFBC}") = "JoinMany", "Samples\JoinMany\JoinMany.csproj", "{433C8850-540F-465B-A680-F0697399E96E}"
	ProjectSection(ProjectDependencies) = postProject
		{6337EF76-989D-4F38-8CE9-691D87CF428C} = {6337EF76-989D-4F38-8CE9-691D87CF428C}
	EndProjectSection
EndProject
Project("{FAE04EC0-301F-11D3-BF4B-00C04F79EFBC}") = "DiningPhilosophers", "Demos\DiningPhilosophers\DiningPhilosophers.csproj", "{8A295611-51E0-4CD6-87F6-894050CB76AD}"
	ProjectSection(ProjectDependencies) = postProject
		{6337EF76-989D-4F38-8CE9-691D87CF428C} = {6337EF76-989D-4F38-8CE9-691D87CF428C}
	EndProjectSection
EndProject
Project("{FAE04EC0-301F-11D3-BF4B-00C04F79EFBC}") = "LiftController", "Demos\LiftController\LiftController.csproj", "{2A804D41-E15F-45BE-B343-322F96900705}"
	ProjectSection(ProjectDependencies) = postProject
		{6337EF76-989D-4F38-8CE9-691D87CF428C} = {6337EF76-989D-4F38-8CE9-691D87CF428C}
	EndProjectSection
EndProject
Project("{FAE04EC0-301F-11D3-BF4B-00C04F79EFBC}") = "OnePlaceBuffer", "Samples\OnePlaceBuffer\OnePlaceBuffer.csproj", "{57B08CFC-F839-4C2B-A93D-E0A4C019CF6A}"
	ProjectSection(ProjectDependencies) = postProject
		{6337EF76-989D-4F38-8CE9-691D87CF428C} = {6337EF76-989D-4F38-8CE9-691D87CF428C}
	EndProjectSection
EndProject
Project("{FAE04EC0-301F-11D3-BF4B-00C04F79EFBC}") = "SpawningThreads", "Samples\SpawningThreads\SpawningThreads.csproj", "{2C6C872F-FB8D-4AD5-A14B-5A7AE9B8A89B}"
	ProjectSection(ProjectDependencies) = postProject
		{6337EF76-989D-4F38-8CE9-691D87CF428C} = {6337EF76-989D-4F38-8CE9-691D87CF428C}
	EndProjectSection
EndProject
Project("{FAE04EC0-301F-11D3-BF4B-00C04F79EFBC}") = "BoundedBuffer", "Samples\BoundedBuffer\BoundedBuffer.csproj", "{E744FE0E-5802-4B6A-86EB-46BF29804075}"
	ProjectSection(ProjectDependencies) = postProject
		{6337EF76-989D-4F38-8CE9-691D87CF428C} = {6337EF76-989D-4F38-8CE9-691D87CF428C}
	EndProjectSection
EndProject
Project("{FAE04EC0-301F-11D3-BF4B-00C04F79EFBC}") = "Counter", "Samples\Counter\Counter.csproj", "{0CFF5CBF-6AE5-491C-8A2D-D082D012FC8F}"
	ProjectSection(ProjectDependencies) = postProject
		{6337EF76-989D-4F38-8CE9-691D87CF428C} = {6337EF76-989D-4F38-8CE9-691D87CF428C}
	EndProjectSection
EndProject
Project("{FAE04EC0-301F-11D3-BF4B-00C04F79EFBC}") = "Semaphore", "Samples\Semaphore\Semaphore.csproj", "{A51043AD-063D-4693-A40A-E85219CFCDCA}"
	ProjectSection(ProjectDependencies) = postProject
		{6337EF76-989D-4F38-8CE9-691D87CF428C} = {6337EF76-989D-4F38-8CE9-691D87CF428C}
	EndProjectSection
EndProject
Project("{FAE04EC0-301F-11D3-BF4B-00C04F79EFBC}") = "Sanity", "Tests\Sanity\Sanity.csproj", "{E2D10969-77AD-40C9-9F90-3ACEFE92A573}"
	ProjectSection(ProjectDependencies) = postProject
		{6337EF76-989D-4F38-8CE9-691D87CF428C} = {6337EF76-989D-4F38-8CE9-691D87CF428C}
	EndProjectSection
EndProject
Project("{FAE04EC0-301F-11D3-BF4B-00C04F79EFBC}") = "ActiveObjects", "Samples\ActiveObjects\ActiveObjects.csproj", "{866F8D29-C6AC-4F9A-BCBA-7D60B9D79E5F}"
	ProjectSection(ProjectDependencies) = postProject
		{6337EF76-989D-4F38-8CE9-691D87CF428C} = {6337EF76-989D-4F38-8CE9-691D87CF428C}
	EndProjectSection
EndProject
Project("{FAE04EC0-301F-11D3-BF4B-00C04F79EFBC}") = "Futures", "Samples\Futures\Futures.csproj", "{C5629651-79A4-4AEE-B316-0DC7116D6176}"
	ProjectSection(ProjectDependencies) = postProject
		{6337EF76-989D-4F38-8CE9-691D87CF428C} = {6337EF76-989D-4F38-8CE9-691D87CF428C}
	EndProjectSection
EndProject
Project("{FAE04EC0-301F-11D3-BF4B-00C04F79EFBC}") = "PingPong", "Tests\PingPong\PingPong.csproj", "{FC2BC821-DBA7-4606-9C13-A85A0A253CBB}"
	ProjectSection(ProjectDependencies) = postProject
		{6337EF76-989D-4F38-8CE9-691D87CF428C} = {6337EF76-989D-4F38-8CE9-691D87CF428C}
	EndProjectSection
EndProject
Project("{FAE04EC0-301F-11D3-BF4B-00C04F79EFBC}") = "ProducerConsumer", "Tests\ProducerConsumer\ProducerConsumer.csproj", "{253B3D57-F8C5-424D-AACF-55989CEA688E}"
	ProjectSection(ProjectDependencies) = postProject
		{6337EF76-989D-4F38-8CE9-691D87CF428C} = {6337EF76-989D-4F38-8CE9-691D87CF428C}
	EndProjectSection
EndProject
Project("{FAE04EC0-301F-11D3-BF4B-00C04F79EFBC}") = "BoundedProducerConsumer", "Tests\BoundedProducerConsumer\BoundedProducerConsumer.csproj", "{B19FA966-C83F-4EB4-A54F-91DBB2F3D131}"
	ProjectSection(ProjectDependencies) = postProject
		{6337EF76-989D-4F38-8CE9-691D87CF428C} = {6337EF76-989D-4F38-8CE9-691D87CF428C}
	EndProjectSection
EndProject
Project("{FAE04EC0-301F-11D3-BF4B-00C04F79EFBC}") = "Microsoft.Research.Joins", "Source\PseudoJoins\Microsoft.Research.Joins.csproj", "{6337EF76-989D-4F38-8CE9-691D87CF428C}"
EndProject
Project("{8BC9CEB8-8B4A-11D0-8D11-00A0C91BC942}") = "Doc", "Doc\Doc.vcxproj", "{FBAE5100-910D-42C2-AD0F-86211D463F84}"
EndProject
Project("{FAE04EC0-301F-11D3-BF4B-00C04F79EFBC}") = "Philosophers", "Demos\Philosophers\Philosophers.csproj", "{43FC033E-9AA9-4C4C-971F-0D120B7B399C}"
	ProjectSection(ProjectDependencies) = postProject
		{6337EF76-989D-4F38-8CE9-691D87CF428C} = {6337EF76-989D-4F38-8CE9-691D87CF428C}
	EndProjectSection
EndProject
Project("{FAE04EC0-301F-11D3-BF4B-00C04F79EFBC}") = "Boids", "Demos\Boids\Boids.csproj", "{484E6EEE-3D70-483B-A239-1167A0C88307}"
	ProjectSection(ProjectDependencies) = postProject
		{6337EF76-989D-4F38-8CE9-691D87CF428C} = {6337EF76-989D-4F38-8CE9-691D87CF428C}
	EndProjectSection
EndProject
Project("{F184B08F-C81C-45F6-A57F-5ABD9991F28F}") = "Life", "Demos\Life\Life.vbproj", "{2BBD3133-FC3C-4716-9037-2A554A80012C}"
	ProjectSection(ProjectDependencies) = postProject
		{6337EF76-989D-4F38-8CE9-691D87CF428C} = {6337EF76-989D-4F38-8CE9-691D87CF428C}
	EndProjectSection
EndProject
Project("{2150E333-8FDC-42A3-9474-1A3956D46DE8}") = ".GIT", ".GIT", "{6073BBB2-8D6E-4A03-9A59-612069F91AC8}"
	ProjectSection(SolutionItems) = preProject
		.gitignore = .gitignore
	EndProjectSection
EndProject
Project("{F2A71F9B-5D33-465A-A702-920D77279786}") = "FSharp", "Samples\FSharp\FSharp.fsproj", "{E180A1D7-8B88-4600-9EB4-96E9FAE7B7F8}"
EndProject
Project("{FAE04EC0-301F-11D3-BF4B-00C04F79EFBC}") = "AsyncTest", "AsyncTest\AsyncTest.csproj", "{8192A79A-0587-45AE-A8B8-49CA508A80D6}"
EndProject
Project("{2150E333-8FDC-42A3-9474-1A3956D46DE8}") = "Solution Items", "Solution Items", "{F9356548-58C1-4D4B-B394-418089FD7E1C}"
	ProjectSection(SolutionItems) = preProject
		LICENSE.txt = LICENSE.txt
		README.md = README.md
	EndProjectSection
EndProject
Global
	GlobalSection(SolutionConfigurationPlatforms) = preSolution
		Debug|Any CPU = Debug|Any CPU
		Debug|Mixed Platforms = Debug|Mixed Platforms
		Debug|Win32 = Debug|Win32
		Debug|x86 = Debug|x86
		Dev|Any CPU = Dev|Any CPU
		Dev|Mixed Platforms = Dev|Mixed Platforms
		Dev|Win32 = Dev|Win32
		Dev|x86 = Dev|x86
		Documentation|Any CPU = Documentation|Any CPU
		Documentation|Mixed Platforms = Documentation|Mixed Platforms
		Documentation|Win32 = Documentation|Win32
		Documentation|x86 = Documentation|x86
		Release|Any CPU = Release|Any CPU
		Release|Mixed Platforms = Release|Mixed Platforms
		Release|Win32 = Release|Win32
		Release|x86 = Release|x86
		Setup|Any CPU = Setup|Any CPU
		Setup|Mixed Platforms = Setup|Mixed Platforms
		Setup|Win32 = Setup|Win32
		Setup|x86 = Setup|x86
	EndGlobalSection
	GlobalSection(ProjectConfigurationPlatforms) = postSolution
		{A1BDB54C-CB6A-4058-9DD0-25283D043E95}.Debug|Any CPU.ActiveCfg = Release|Any CPU
		{A1BDB54C-CB6A-4058-9DD0-25283D043E95}.Debug|Any CPU.Build.0 = Release|Any CPU
		{A1BDB54C-CB6A-4058-9DD0-25283D043E95}.Debug|Mixed Platforms.ActiveCfg = Debug|Any CPU
		{A1BDB54C-CB6A-4058-9DD0-25283D043E95}.Debug|Mixed Platforms.Build.0 = Debug|Any CPU
		{A1BDB54C-CB6A-4058-9DD0-25283D043E95}.Debug|Win32.ActiveCfg = Debug|Any CPU
		{A1BDB54C-CB6A-4058-9DD0-25283D043E95}.Debug|x86.ActiveCfg = Debug|Any CPU
		{A1BDB54C-CB6A-4058-9DD0-25283D043E95}.Dev|Any CPU.ActiveCfg = Release|Any CPU
		{A1BDB54C-CB6A-4058-9DD0-25283D043E95}.Dev|Mixed Platforms.ActiveCfg = Debug|Any CPU
		{A1BDB54C-CB6A-4058-9DD0-25283D043E95}.Dev|Mixed Platforms.Build.0 = Debug|Any CPU
		{A1BDB54C-CB6A-4058-9DD0-25283D043E95}.Dev|Win32.ActiveCfg = Debug|Any CPU
		{A1BDB54C-CB6A-4058-9DD0-25283D043E95}.Dev|x86.ActiveCfg = Debug|Any CPU
		{A1BDB54C-CB6A-4058-9DD0-25283D043E95}.Documentation|Any CPU.ActiveCfg = Release|Any CPU
		{A1BDB54C-CB6A-4058-9DD0-25283D043E95}.Documentation|Mixed Platforms.ActiveCfg = Debug|Any CPU
		{A1BDB54C-CB6A-4058-9DD0-25283D043E95}.Documentation|Mixed Platforms.Build.0 = Debug|Any CPU
		{A1BDB54C-CB6A-4058-9DD0-25283D043E95}.Documentation|Win32.ActiveCfg = Debug|Any CPU
		{A1BDB54C-CB6A-4058-9DD0-25283D043E95}.Documentation|x86.ActiveCfg = Debug|Any CPU
		{A1BDB54C-CB6A-4058-9DD0-25283D043E95}.Release|Any CPU.ActiveCfg = Release|Any CPU
		{A1BDB54C-CB6A-4058-9DD0-25283D043E95}.Release|Any CPU.Build.0 = Release|Any CPU
		{A1BDB54C-CB6A-4058-9DD0-25283D043E95}.Release|Mixed Platforms.ActiveCfg = Release|Any CPU
		{A1BDB54C-CB6A-4058-9DD0-25283D043E95}.Release|Mixed Platforms.Build.0 = Release|Any CPU
		{A1BDB54C-CB6A-4058-9DD0-25283D043E95}.Release|Win32.ActiveCfg = Release|Any CPU
		{A1BDB54C-CB6A-4058-9DD0-25283D043E95}.Release|x86.ActiveCfg = Release|Any CPU
		{A1BDB54C-CB6A-4058-9DD0-25283D043E95}.Setup|Any CPU.ActiveCfg = Release|Any CPU
		{A1BDB54C-CB6A-4058-9DD0-25283D043E95}.Setup|Any CPU.Build.0 = Release|Any CPU
		{A1BDB54C-CB6A-4058-9DD0-25283D043E95}.Setup|Mixed Platforms.ActiveCfg = Release|Any CPU
		{A1BDB54C-CB6A-4058-9DD0-25283D043E95}.Setup|Mixed Platforms.Build.0 = Release|Any CPU
		{A1BDB54C-CB6A-4058-9DD0-25283D043E95}.Setup|Win32.ActiveCfg = Release|Any CPU
		{A1BDB54C-CB6A-4058-9DD0-25283D043E95}.Setup|x86.ActiveCfg = Release|Any CPU
		{49761CD0-1681-4A8B-869F-60B402894436}.Debug|Any CPU.ActiveCfg = Release|Any CPU
		{49761CD0-1681-4A8B-869F-60B402894436}.Debug|Any CPU.Build.0 = Release|Any CPU
		{49761CD0-1681-4A8B-869F-60B402894436}.Debug|Mixed Platforms.ActiveCfg = Debug|Any CPU
		{49761CD0-1681-4A8B-869F-60B402894436}.Debug|Mixed Platforms.Build.0 = Debug|Any CPU
		{49761CD0-1681-4A8B-869F-60B402894436}.Debug|Win32.ActiveCfg = Debug|Any CPU
		{49761CD0-1681-4A8B-869F-60B402894436}.Debug|x86.ActiveCfg = Debug|Any CPU
		{49761CD0-1681-4A8B-869F-60B402894436}.Dev|Any CPU.ActiveCfg = Release|Any CPU
		{49761CD0-1681-4A8B-869F-60B402894436}.Dev|Mixed Platforms.ActiveCfg = Debug|Any CPU
		{49761CD0-1681-4A8B-869F-60B402894436}.Dev|Mixed Platforms.Build.0 = Debug|Any CPU
		{49761CD0-1681-4A8B-869F-60B402894436}.Dev|Win32.ActiveCfg = Debug|Any CPU
		{49761CD0-1681-4A8B-869F-60B402894436}.Dev|x86.ActiveCfg = Debug|Any CPU
		{49761CD0-1681-4A8B-869F-60B402894436}.Documentation|Any CPU.ActiveCfg = Release|Any CPU
		{49761CD0-1681-4A8B-869F-60B402894436}.Documentation|Mixed Platforms.ActiveCfg = Debug|Any CPU
		{49761CD0-1681-4A8B-869F-60B402894436}.Documentation|Mixed Platforms.Build.0 = Debug|Any CPU
		{49761CD0-1681-4A8B-869F-60B402894436}.Documentation|Win32.ActiveCfg = Debug|Any CPU
		{49761CD0-1681-4A8B-869F-60B402894436}.Documentation|x86.ActiveCfg = Debug|Any CPU
		{49761CD0-1681-4A8B-869F-60B402894436}.Release|Any CPU.ActiveCfg = Release|Any CPU
		{49761CD0-1681-4A8B-869F-60B402894436}.Release|Any CPU.Build.0 = Release|Any CPU
		{49761CD0-1681-4A8B-869F-60B402894436}.Release|Mixed Platforms.ActiveCfg = Release|Any CPU
		{49761CD0-1681-4A8B-869F-60B402894436}.Release|Mixed Platforms.Build.0 = Release|Any CPU
		{49761CD0-1681-4A8B-869F-60B402894436}.Release|Win32.ActiveCfg = Release|Any CPU
		{49761CD0-1681-4A8B-869F-60B402894436}.Release|x86.ActiveCfg = Release|Any CPU
		{49761CD0-1681-4A8B-869F-60B402894436}.Setup|Any CPU.ActiveCfg = Release|Any CPU
		{49761CD0-1681-4A8B-869F-60B402894436}.Setup|Any CPU.Build.0 = Release|Any CPU
		{49761CD0-1681-4A8B-869F-60B402894436}.Setup|Mixed Platforms.ActiveCfg = Release|Any CPU
		{49761CD0-1681-4A8B-869F-60B402894436}.Setup|Mixed Platforms.Build.0 = Release|Any CPU
		{49761CD0-1681-4A8B-869F-60B402894436}.Setup|Win32.ActiveCfg = Release|Any CPU
		{49761CD0-1681-4A8B-869F-60B402894436}.Setup|x86.ActiveCfg = Release|Any CPU
		{58E45382-1588-4873-8F9F-6D7F7533FE4F}.Debug|Any CPU.ActiveCfg = Release|Any CPU
		{58E45382-1588-4873-8F9F-6D7F7533FE4F}.Debug|Any CPU.Build.0 = Release|Any CPU
		{58E45382-1588-4873-8F9F-6D7F7533FE4F}.Debug|Mixed Platforms.ActiveCfg = Debug|Any CPU
		{58E45382-1588-4873-8F9F-6D7F7533FE4F}.Debug|Mixed Platforms.Build.0 = Debug|Any CPU
		{58E45382-1588-4873-8F9F-6D7F7533FE4F}.Debug|Win32.ActiveCfg = Debug|Any CPU
		{58E45382-1588-4873-8F9F-6D7F7533FE4F}.Debug|x86.ActiveCfg = Debug|Any CPU
		{58E45382-1588-4873-8F9F-6D7F7533FE4F}.Dev|Any CPU.ActiveCfg = Release|Any CPU
		{58E45382-1588-4873-8F9F-6D7F7533FE4F}.Dev|Mixed Platforms.ActiveCfg = Debug|Any CPU
		{58E45382-1588-4873-8F9F-6D7F7533FE4F}.Dev|Mixed Platforms.Build.0 = Debug|Any CPU
		{58E45382-1588-4873-8F9F-6D7F7533FE4F}.Dev|Win32.ActiveCfg = Debug|Any CPU
		{58E45382-1588-4873-8F9F-6D7F7533FE4F}.Dev|x86.ActiveCfg = Debug|Any CPU
		{58E45382-1588-4873-8F9F-6D7F7533FE4F}.Documentation|Any CPU.ActiveCfg = Release|Any CPU
		{58E45382-1588-4873-8F9F-6D7F7533FE4F}.Documentation|Mixed Platforms.ActiveCfg = Debug|Any CPU
		{58E45382-1588-4873-8F9F-6D7F7533FE4F}.Documentation|Mixed Platforms.Build.0 = Debug|Any CPU
		{58E45382-1588-4873-8F9F-6D7F7533FE4F}.Documentation|Win32.ActiveCfg = Debug|Any CPU
		{58E45382-1588-4873-8F9F-6D7F7533FE4F}.Documentation|x86.ActiveCfg = Debug|Any CPU
		{58E45382-1588-4873-8F9F-6D7F7533FE4F}.Release|Any CPU.ActiveCfg = Release|Any CPU
		{58E45382-1588-4873-8F9F-6D7F7533FE4F}.Release|Any CPU.Build.0 = Release|Any CPU
		{58E45382-1588-4873-8F9F-6D7F7533FE4F}.Release|Mixed Platforms.ActiveCfg = Release|Any CPU
		{58E45382-1588-4873-8F9F-6D7F7533FE4F}.Release|Mixed Platforms.Build.0 = Release|Any CPU
		{58E45382-1588-4873-8F9F-6D7F7533FE4F}.Release|Win32.ActiveCfg = Release|Any CPU
		{58E45382-1588-4873-8F9F-6D7F7533FE4F}.Release|x86.ActiveCfg = Release|Any CPU
		{58E45382-1588-4873-8F9F-6D7F7533FE4F}.Setup|Any CPU.ActiveCfg = Release|Any CPU
		{58E45382-1588-4873-8F9F-6D7F7533FE4F}.Setup|Any CPU.Build.0 = Release|Any CPU
		{58E45382-1588-4873-8F9F-6D7F7533FE4F}.Setup|Mixed Platforms.ActiveCfg = Release|Any CPU
		{58E45382-1588-4873-8F9F-6D7F7533FE4F}.Setup|Mixed Platforms.Build.0 = Release|Any CPU
		{58E45382-1588-4873-8F9F-6D7F7533FE4F}.Setup|Win32.ActiveCfg = Release|Any CPU
		{58E45382-1588-4873-8F9F-6D7F7533FE4F}.Setup|x86.ActiveCfg = Release|Any CPU
		{86D15812-EED0-40D3-B3B6-E562A327D9BE}.Debug|Any CPU.ActiveCfg = Release|Any CPU
		{86D15812-EED0-40D3-B3B6-E562A327D9BE}.Debug|Any CPU.Build.0 = Release|Any CPU
		{86D15812-EED0-40D3-B3B6-E562A327D9BE}.Debug|Mixed Platforms.ActiveCfg = Debug|Any CPU
		{86D15812-EED0-40D3-B3B6-E562A327D9BE}.Debug|Mixed Platforms.Build.0 = Debug|Any CPU
		{86D15812-EED0-40D3-B3B6-E562A327D9BE}.Debug|Win32.ActiveCfg = Debug|Any CPU
		{86D15812-EED0-40D3-B3B6-E562A327D9BE}.Debug|x86.ActiveCfg = Debug|Any CPU
		{86D15812-EED0-40D3-B3B6-E562A327D9BE}.Dev|Any CPU.ActiveCfg = Release|Any CPU
		{86D15812-EED0-40D3-B3B6-E562A327D9BE}.Dev|Mixed Platforms.ActiveCfg = Debug|Any CPU
		{86D15812-EED0-40D3-B3B6-E562A327D9BE}.Dev|Mixed Platforms.Build.0 = Debug|Any CPU
		{86D15812-EED0-40D3-B3B6-E562A327D9BE}.Dev|Win32.ActiveCfg = Debug|Any CPU
		{86D15812-EED0-40D3-B3B6-E562A327D9BE}.Dev|x86.ActiveCfg = Debug|Any CPU
		{86D15812-EED0-40D3-B3B6-E562A327D9BE}.Documentation|Any CPU.ActiveCfg = Release|Any CPU
		{86D15812-EED0-40D3-B3B6-E562A327D9BE}.Documentation|Mixed Platforms.ActiveCfg = Debug|Any CPU
		{86D15812-EED0-40D3-B3B6-E562A327D9BE}.Documentation|Mixed Platforms.Build.0 = Debug|Any CPU
		{86D15812-EED0-40D3-B3B6-E562A327D9BE}.Documentation|Win32.ActiveCfg = Debug|Any CPU
		{86D15812-EED0-40D3-B3B6-E562A327D9BE}.Documentation|x86.ActiveCfg = Debug|Any CPU
		{86D15812-EED0-40D3-B3B6-E562A327D9BE}.Release|Any CPU.ActiveCfg = Release|Any CPU
		{86D15812-EED0-40D3-B3B6-E562A327D9BE}.Release|Any CPU.Build.0 = Release|Any CPU
		{86D15812-EED0-40D3-B3B6-E562A327D9BE}.Release|Mixed Platforms.ActiveCfg = Release|Any CPU
		{86D15812-EED0-40D3-B3B6-E562A327D9BE}.Release|Mixed Platforms.Build.0 = Release|Any CPU
		{86D15812-EED0-40D3-B3B6-E562A327D9BE}.Release|Win32.ActiveCfg = Release|Any CPU
		{86D15812-EED0-40D3-B3B6-E562A327D9BE}.Release|x86.ActiveCfg = Release|Any CPU
		{86D15812-EED0-40D3-B3B6-E562A327D9BE}.Setup|Any CPU.ActiveCfg = Release|Any CPU
		{86D15812-EED0-40D3-B3B6-E562A327D9BE}.Setup|Any CPU.Build.0 = Release|Any CPU
		{86D15812-EED0-40D3-B3B6-E562A327D9BE}.Setup|Mixed Platforms.ActiveCfg = Release|Any CPU
		{86D15812-EED0-40D3-B3B6-E562A327D9BE}.Setup|Mixed Platforms.Build.0 = Release|Any CPU
		{86D15812-EED0-40D3-B3B6-E562A327D9BE}.Setup|Win32.ActiveCfg = Release|Any CPU
		{86D15812-EED0-40D3-B3B6-E562A327D9BE}.Setup|x86.ActiveCfg = Release|Any CPU
		{024BF7CA-8E00-47C0-8492-917A8B73446D}.Debug|Any CPU.ActiveCfg = Release|Any CPU
		{024BF7CA-8E00-47C0-8492-917A8B73446D}.Debug|Any CPU.Build.0 = Release|Any CPU
		{024BF7CA-8E00-47C0-8492-917A8B73446D}.Debug|Mixed Platforms.ActiveCfg = Debug|Any CPU
		{024BF7CA-8E00-47C0-8492-917A8B73446D}.Debug|Mixed Platforms.Build.0 = Debug|Any CPU
		{024BF7CA-8E00-47C0-8492-917A8B73446D}.Debug|Win32.ActiveCfg = Debug|Any CPU
		{024BF7CA-8E00-47C0-8492-917A8B73446D}.Debug|x86.ActiveCfg = Debug|Any CPU
		{024BF7CA-8E00-47C0-8492-917A8B73446D}.Dev|Any CPU.ActiveCfg = Release|Any CPU
		{024BF7CA-8E00-47C0-8492-917A8B73446D}.Dev|Mixed Platforms.ActiveCfg = Debug|Any CPU
		{024BF7CA-8E00-47C0-8492-917A8B73446D}.Dev|Mixed Platforms.Build.0 = Debug|Any CPU
		{024BF7CA-8E00-47C0-8492-917A8B73446D}.Dev|Win32.ActiveCfg = Debug|Any CPU
		{024BF7CA-8E00-47C0-8492-917A8B73446D}.Dev|x86.ActiveCfg = Debug|Any CPU
		{024BF7CA-8E00-47C0-8492-917A8B73446D}.Documentation|Any CPU.ActiveCfg = Release|Any CPU
		{024BF7CA-8E00-47C0-8492-917A8B73446D}.Documentation|Mixed Platforms.ActiveCfg = Debug|Any CPU
		{024BF7CA-8E00-47C0-8492-917A8B73446D}.Documentation|Mixed Platforms.Build.0 = Debug|Any CPU
		{024BF7CA-8E00-47C0-8492-917A8B73446D}.Documentation|Win32.ActiveCfg = Debug|Any CPU
		{024BF7CA-8E00-47C0-8492-917A8B73446D}.Documentation|x86.ActiveCfg = Debug|Any CPU
		{024BF7CA-8E00-47C0-8492-917A8B73446D}.Release|Any CPU.ActiveCfg = Release|Any CPU
		{024BF7CA-8E00-47C0-8492-917A8B73446D}.Release|Any CPU.Build.0 = Release|Any CPU
		{024BF7CA-8E00-47C0-8492-917A8B73446D}.Release|Mixed Platforms.ActiveCfg = Release|Any CPU
		{024BF7CA-8E00-47C0-8492-917A8B73446D}.Release|Mixed Platforms.Build.0 = Release|Any CPU
		{024BF7CA-8E00-47C0-8492-917A8B73446D}.Release|Win32.ActiveCfg = Release|Any CPU
		{024BF7CA-8E00-47C0-8492-917A8B73446D}.Release|x86.ActiveCfg = Release|Any CPU
		{024BF7CA-8E00-47C0-8492-917A8B73446D}.Setup|Any CPU.ActiveCfg = Release|Any CPU
		{024BF7CA-8E00-47C0-8492-917A8B73446D}.Setup|Any CPU.Build.0 = Release|Any CPU
		{024BF7CA-8E00-47C0-8492-917A8B73446D}.Setup|Mixed Platforms.ActiveCfg = Release|Any CPU
		{024BF7CA-8E00-47C0-8492-917A8B73446D}.Setup|Mixed Platforms.Build.0 = Release|Any CPU
		{024BF7CA-8E00-47C0-8492-917A8B73446D}.Setup|Win32.ActiveCfg = Release|Any CPU
		{024BF7CA-8E00-47C0-8492-917A8B73446D}.Setup|x86.ActiveCfg = Release|Any CPU
		{35CF69F8-3886-4718-86FD-9B66DC4454B8}.Debug|Any CPU.ActiveCfg = Release|Any CPU
		{35CF69F8-3886-4718-86FD-9B66DC4454B8}.Debug|Any CPU.Build.0 = Release|Any CPU
		{35CF69F8-3886-4718-86FD-9B66DC4454B8}.Debug|Mixed Platforms.ActiveCfg = Debug|Any CPU
		{35CF69F8-3886-4718-86FD-9B66DC4454B8}.Debug|Mixed Platforms.Build.0 = Debug|Any CPU
		{35CF69F8-3886-4718-86FD-9B66DC4454B8}.Debug|Win32.ActiveCfg = Debug|Any CPU
		{35CF69F8-3886-4718-86FD-9B66DC4454B8}.Debug|x86.ActiveCfg = Debug|Any CPU
		{35CF69F8-3886-4718-86FD-9B66DC4454B8}.Dev|Any CPU.ActiveCfg = Release|Any CPU
		{35CF69F8-3886-4718-86FD-9B66DC4454B8}.Dev|Mixed Platforms.ActiveCfg = Debug|Any CPU
		{35CF69F8-3886-4718-86FD-9B66DC4454B8}.Dev|Mixed Platforms.Build.0 = Debug|Any CPU
		{35CF69F8-3886-4718-86FD-9B66DC4454B8}.Dev|Win32.ActiveCfg = Debug|Any CPU
		{35CF69F8-3886-4718-86FD-9B66DC4454B8}.Dev|x86.ActiveCfg = Debug|Any CPU
		{35CF69F8-3886-4718-86FD-9B66DC4454B8}.Documentation|Any CPU.ActiveCfg = Release|Any CPU
		{35CF69F8-3886-4718-86FD-9B66DC4454B8}.Documentation|Mixed Platforms.ActiveCfg = Debug|Any CPU
		{35CF69F8-3886-4718-86FD-9B66DC4454B8}.Documentation|Mixed Platforms.Build.0 = Debug|Any CPU
		{35CF69F8-3886-4718-86FD-9B66DC4454B8}.Documentation|Win32.ActiveCfg = Debug|Any CPU
		{35CF69F8-3886-4718-86FD-9B66DC4454B8}.Documentation|x86.ActiveCfg = Debug|Any CPU
		{35CF69F8-3886-4718-86FD-9B66DC4454B8}.Release|Any CPU.ActiveCfg = Release|Any CPU
		{35CF69F8-3886-4718-86FD-9B66DC4454B8}.Release|Any CPU.Build.0 = Release|Any CPU
		{35CF69F8-3886-4718-86FD-9B66DC4454B8}.Release|Mixed Platforms.ActiveCfg = Release|Any CPU
		{35CF69F8-3886-4718-86FD-9B66DC4454B8}.Release|Mixed Platforms.Build.0 = Release|Any CPU
		{35CF69F8-3886-4718-86FD-9B66DC4454B8}.Release|Win32.ActiveCfg = Release|Any CPU
		{35CF69F8-3886-4718-86FD-9B66DC4454B8}.Release|x86.ActiveCfg = Release|Any CPU
		{35CF69F8-3886-4718-86FD-9B66DC4454B8}.Setup|Any CPU.ActiveCfg = Release|Any CPU
		{35CF69F8-3886-4718-86FD-9B66DC4454B8}.Setup|Any CPU.Build.0 = Release|Any CPU
		{35CF69F8-3886-4718-86FD-9B66DC4454B8}.Setup|Mixed Platforms.ActiveCfg = Release|Any CPU
		{35CF69F8-3886-4718-86FD-9B66DC4454B8}.Setup|Mixed Platforms.Build.0 = Release|Any CPU
		{35CF69F8-3886-4718-86FD-9B66DC4454B8}.Setup|Win32.ActiveCfg = Release|Any CPU
		{35CF69F8-3886-4718-86FD-9B66DC4454B8}.Setup|x86.ActiveCfg = Release|Any CPU
		{433C8850-540F-465B-A680-F0697399E96E}.Debug|Any CPU.ActiveCfg = Release|Any CPU
		{433C8850-540F-465B-A680-F0697399E96E}.Debug|Any CPU.Build.0 = Release|Any CPU
		{433C8850-540F-465B-A680-F0697399E96E}.Debug|Mixed Platforms.ActiveCfg = Debug|Any CPU
		{433C8850-540F-465B-A680-F0697399E96E}.Debug|Mixed Platforms.Build.0 = Debug|Any CPU
		{433C8850-540F-465B-A680-F0697399E96E}.Debug|Win32.ActiveCfg = Debug|Any CPU
		{433C8850-540F-465B-A680-F0697399E96E}.Debug|x86.ActiveCfg = Debug|Any CPU
		{433C8850-540F-465B-A680-F0697399E96E}.Dev|Any CPU.ActiveCfg = Release|Any CPU
		{433C8850-540F-465B-A680-F0697399E96E}.Dev|Mixed Platforms.ActiveCfg = Debug|Any CPU
		{433C8850-540F-465B-A680-F0697399E96E}.Dev|Mixed Platforms.Build.0 = Debug|Any CPU
		{433C8850-540F-465B-A680-F0697399E96E}.Dev|Win32.ActiveCfg = Debug|Any CPU
		{433C8850-540F-465B-A680-F0697399E96E}.Dev|x86.ActiveCfg = Debug|Any CPU
		{433C8850-540F-465B-A680-F0697399E96E}.Documentation|Any CPU.ActiveCfg = Release|Any CPU
		{433C8850-540F-465B-A680-F0697399E96E}.Documentation|Mixed Platforms.ActiveCfg = Debug|Any CPU
		{433C8850-540F-465B-A680-F0697399E96E}.Documentation|Mixed Platforms.Build.0 = Debug|Any CPU
		{433C8850-540F-465B-A680-F0697399E96E}.Documentation|Win32.ActiveCfg = Debug|Any CPU
		{433C8850-540F-465B-A680-F0697399E96E}.Documentation|x86.ActiveCfg = Debug|Any CPU
		{433C8850-540F-465B-A680-F0697399E96E}.Release|Any CPU.ActiveCfg = Release|Any CPU
		{433C8850-540F-465B-A680-F0697399E96E}.Release|Any CPU.Build.0 = Release|Any CPU
		{433C8850-540F-465B-A680-F0697399E96E}.Release|Mixed Platforms.ActiveCfg = Release|Any CPU
		{433C8850-540F-465B-A680-F0697399E96E}.Release|Mixed Platforms.Build.0 = Release|Any CPU
		{433C8850-540F-465B-A680-F0697399E96E}.Release|Win32.ActiveCfg = Release|Any CPU
		{433C8850-540F-465B-A680-F0697399E96E}.Release|x86.ActiveCfg = Release|Any CPU
		{433C8850-540F-465B-A680-F0697399E96E}.Setup|Any CPU.ActiveCfg = Release|Any CPU
		{433C8850-540F-465B-A680-F0697399E96E}.Setup|Any CPU.Build.0 = Release|Any CPU
		{433C8850-540F-465B-A680-F0697399E96E}.Setup|Mixed Platforms.ActiveCfg = Release|Any CPU
		{433C8850-540F-465B-A680-F0697399E96E}.Setup|Mixed Platforms.Build.0 = Release|Any CPU
		{433C8850-540F-465B-A680-F0697399E96E}.Setup|Win32.ActiveCfg = Release|Any CPU
		{433C8850-540F-465B-A680-F0697399E96E}.Setup|x86.ActiveCfg = Release|Any CPU
		{8A295611-51E0-4CD6-87F6-894050CB76AD}.Debug|Any CPU.ActiveCfg = Release|Any CPU
		{8A295611-51E0-4CD6-87F6-894050CB76AD}.Debug|Any CPU.Build.0 = Release|Any CPU
		{8A295611-51E0-4CD6-87F6-894050CB76AD}.Debug|Mixed Platforms.ActiveCfg = Debug|Any CPU
		{8A295611-51E0-4CD6-87F6-894050CB76AD}.Debug|Mixed Platforms.Build.0 = Debug|Any CPU
		{8A295611-51E0-4CD6-87F6-894050CB76AD}.Debug|Win32.ActiveCfg = Debug|Any CPU
		{8A295611-51E0-4CD6-87F6-894050CB76AD}.Debug|x86.ActiveCfg = Debug|Any CPU
		{8A295611-51E0-4CD6-87F6-894050CB76AD}.Dev|Any CPU.ActiveCfg = Release|Any CPU
		{8A295611-51E0-4CD6-87F6-894050CB76AD}.Dev|Mixed Platforms.ActiveCfg = Debug|Any CPU
		{8A295611-51E0-4CD6-87F6-894050CB76AD}.Dev|Mixed Platforms.Build.0 = Debug|Any CPU
		{8A295611-51E0-4CD6-87F6-894050CB76AD}.Dev|Win32.ActiveCfg = Debug|Any CPU
		{8A295611-51E0-4CD6-87F6-894050CB76AD}.Dev|x86.ActiveCfg = Debug|Any CPU
		{8A295611-51E0-4CD6-87F6-894050CB76AD}.Documentation|Any CPU.ActiveCfg = Release|Any CPU
		{8A295611-51E0-4CD6-87F6-894050CB76AD}.Documentation|Mixed Platforms.ActiveCfg = Debug|Any CPU
		{8A295611-51E0-4CD6-87F6-894050CB76AD}.Documentation|Mixed Platforms.Build.0 = Debug|Any CPU
		{8A295611-51E0-4CD6-87F6-894050CB76AD}.Documentation|Win32.ActiveCfg = Debug|Any CPU
		{8A295611-51E0-4CD6-87F6-894050CB76AD}.Documentation|x86.ActiveCfg = Debug|Any CPU
		{8A295611-51E0-4CD6-87F6-894050CB76AD}.Release|Any CPU.ActiveCfg = Release|Any CPU
		{8A295611-51E0-4CD6-87F6-894050CB76AD}.Release|Any CPU.Build.0 = Release|Any CPU
		{8A295611-51E0-4CD6-87F6-894050CB76AD}.Release|Mixed Platforms.ActiveCfg = Release|Any CPU
		{8A295611-51E0-4CD6-87F6-894050CB76AD}.Release|Mixed Platforms.Build.0 = Release|Any CPU
		{8A295611-51E0-4CD6-87F6-894050CB76AD}.Release|Win32.ActiveCfg = Release|Any CPU
		{8A295611-51E0-4CD6-87F6-894050CB76AD}.Release|x86.ActiveCfg = Release|Any CPU
		{8A295611-51E0-4CD6-87F6-894050CB76AD}.Setup|Any CPU.ActiveCfg = Release|Any CPU
		{8A295611-51E0-4CD6-87F6-894050CB76AD}.Setup|Any CPU.Build.0 = Release|Any CPU
		{8A295611-51E0-4CD6-87F6-894050CB76AD}.Setup|Mixed Platforms.ActiveCfg = Release|Any CPU
		{8A295611-51E0-4CD6-87F6-894050CB76AD}.Setup|Mixed Platforms.Build.0 = Release|Any CPU
		{8A295611-51E0-4CD6-87F6-894050CB76AD}.Setup|Win32.ActiveCfg = Release|Any CPU
		{8A295611-51E0-4CD6-87F6-894050CB76AD}.Setup|x86.ActiveCfg = Release|Any CPU
		{2A804D41-E15F-45BE-B343-322F96900705}.Debug|Any CPU.ActiveCfg = Release|Any CPU
		{2A804D41-E15F-45BE-B343-322F96900705}.Debug|Any CPU.Build.0 = Release|Any CPU
		{2A804D41-E15F-45BE-B343-322F96900705}.Debug|Mixed Platforms.ActiveCfg = Debug|Any CPU
		{2A804D41-E15F-45BE-B343-322F96900705}.Debug|Mixed Platforms.Build.0 = Debug|Any CPU
		{2A804D41-E15F-45BE-B343-322F96900705}.Debug|Win32.ActiveCfg = Debug|Any CPU
		{2A804D41-E15F-45BE-B343-322F96900705}.Debug|x86.ActiveCfg = Debug|Any CPU
		{2A804D41-E15F-45BE-B343-322F96900705}.Dev|Any CPU.ActiveCfg = Release|Any CPU
		{2A804D41-E15F-45BE-B343-322F96900705}.Dev|Mixed Platforms.ActiveCfg = Debug|Any CPU
		{2A804D41-E15F-45BE-B343-322F96900705}.Dev|Mixed Platforms.Build.0 = Debug|Any CPU
		{2A804D41-E15F-45BE-B343-322F96900705}.Dev|Win32.ActiveCfg = Debug|Any CPU
		{2A804D41-E15F-45BE-B343-322F96900705}.Dev|x86.ActiveCfg = Debug|Any CPU
		{2A804D41-E15F-45BE-B343-322F96900705}.Documentation|Any CPU.ActiveCfg = Release|Any CPU
		{2A804D41-E15F-45BE-B343-322F96900705}.Documentation|Mixed Platforms.ActiveCfg = Debug|Any CPU
		{2A804D41-E15F-45BE-B343-322F96900705}.Documentation|Mixed Platforms.Build.0 = Debug|Any CPU
		{2A804D41-E15F-45BE-B343-322F96900705}.Documentation|Win32.ActiveCfg = Debug|Any CPU
		{2A804D41-E15F-45BE-B343-322F96900705}.Documentation|x86.ActiveCfg = Debug|Any CPU
		{2A804D41-E15F-45BE-B343-322F96900705}.Release|Any CPU.ActiveCfg = Release|Any CPU
		{2A804D41-E15F-45BE-B343-322F96900705}.Release|Any CPU.Build.0 = Release|Any CPU
		{2A804D41-E15F-45BE-B343-322F96900705}.Release|Mixed Platforms.ActiveCfg = Release|Any CPU
		{2A804D41-E15F-45BE-B343-322F96900705}.Release|Mixed Platforms.Build.0 = Release|Any CPU
		{2A804D41-E15F-45BE-B343-322F96900705}.Release|Win32.ActiveCfg = Release|Any CPU
		{2A804D41-E15F-45BE-B343-322F96900705}.Release|x86.ActiveCfg = Release|Any CPU
		{2A804D41-E15F-45BE-B343-322F96900705}.Setup|Any CPU.ActiveCfg = Release|Any CPU
		{2A804D41-E15F-45BE-B343-322F96900705}.Setup|Any CPU.Build.0 = Release|Any CPU
		{2A804D41-E15F-45BE-B343-322F96900705}.Setup|Mixed Platforms.ActiveCfg = Release|Any CPU
		{2A804D41-E15F-45BE-B343-322F96900705}.Setup|Mixed Platforms.Build.0 = Release|Any CPU
		{2A804D41-E15F-45BE-B343-322F96900705}.Setup|Win32.ActiveCfg = Release|Any CPU
		{2A804D41-E15F-45BE-B343-322F96900705}.Setup|x86.ActiveCfg = Release|Any CPU
		{57B08CFC-F839-4C2B-A93D-E0A4C019CF6A}.Debug|Any CPU.ActiveCfg = Release|Any CPU
		{57B08CFC-F839-4C2B-A93D-E0A4C019CF6A}.Debug|Any CPU.Build.0 = Release|Any CPU
		{57B08CFC-F839-4C2B-A93D-E0A4C019CF6A}.Debug|Mixed Platforms.ActiveCfg = Debug|Any CPU
		{57B08CFC-F839-4C2B-A93D-E0A4C019CF6A}.Debug|Mixed Platforms.Build.0 = Debug|Any CPU
		{57B08CFC-F839-4C2B-A93D-E0A4C019CF6A}.Debug|Win32.ActiveCfg = Debug|Any CPU
		{57B08CFC-F839-4C2B-A93D-E0A4C019CF6A}.Debug|x86.ActiveCfg = Debug|Any CPU
		{57B08CFC-F839-4C2B-A93D-E0A4C019CF6A}.Dev|Any CPU.ActiveCfg = Release|Any CPU
		{57B08CFC-F839-4C2B-A93D-E0A4C019CF6A}.Dev|Mixed Platforms.ActiveCfg = Debug|Any CPU
		{57B08CFC-F839-4C2B-A93D-E0A4C019CF6A}.Dev|Mixed Platforms.Build.0 = Debug|Any CPU
		{57B08CFC-F839-4C2B-A93D-E0A4C019CF6A}.Dev|Win32.ActiveCfg = Debug|Any CPU
		{57B08CFC-F839-4C2B-A93D-E0A4C019CF6A}.Dev|x86.ActiveCfg = Debug|Any CPU
		{57B08CFC-F839-4C2B-A93D-E0A4C019CF6A}.Documentation|Any CPU.ActiveCfg = Release|Any CPU
		{57B08CFC-F839-4C2B-A93D-E0A4C019CF6A}.Documentation|Mixed Platforms.ActiveCfg = Debug|Any CPU
		{57B08CFC-F839-4C2B-A93D-E0A4C019CF6A}.Documentation|Mixed Platforms.Build.0 = Debug|Any CPU
		{57B08CFC-F839-4C2B-A93D-E0A4C019CF6A}.Documentation|Win32.ActiveCfg = Debug|Any CPU
		{57B08CFC-F839-4C2B-A93D-E0A4C019CF6A}.Documentation|x86.ActiveCfg = Debug|Any CPU
		{57B08CFC-F839-4C2B-A93D-E0A4C019CF6A}.Release|Any CPU.ActiveCfg = Release|Any CPU
		{57B08CFC-F839-4C2B-A93D-E0A4C019CF6A}.Release|Any CPU.Build.0 = Release|Any CPU
		{57B08CFC-F839-4C2B-A93D-E0A4C019CF6A}.Release|Mixed Platforms.ActiveCfg = Release|Any CPU
		{57B08CFC-F839-4C2B-A93D-E0A4C019CF6A}.Release|Mixed Platforms.Build.0 = Release|Any CPU
		{57B08CFC-F839-4C2B-A93D-E0A4C019CF6A}.Release|Win32.ActiveCfg = Release|Any CPU
		{57B08CFC-F839-4C2B-A93D-E0A4C019CF6A}.Release|x86.ActiveCfg = Release|Any CPU
		{57B08CFC-F839-4C2B-A93D-E0A4C019CF6A}.Setup|Any CPU.ActiveCfg = Release|Any CPU
		{57B08CFC-F839-4C2B-A93D-E0A4C019CF6A}.Setup|Any CPU.Build.0 = Release|Any CPU
		{57B08CFC-F839-4C2B-A93D-E0A4C019CF6A}.Setup|Mixed Platforms.ActiveCfg = Release|Any CPU
		{57B08CFC-F839-4C2B-A93D-E0A4C019CF6A}.Setup|Mixed Platforms.Build.0 = Release|Any CPU
		{57B08CFC-F839-4C2B-A93D-E0A4C019CF6A}.Setup|Win32.ActiveCfg = Release|Any CPU
		{57B08CFC-F839-4C2B-A93D-E0A4C019CF6A}.Setup|x86.ActiveCfg = Release|Any CPU
		{2C6C872F-FB8D-4AD5-A14B-5A7AE9B8A89B}.Debug|Any CPU.ActiveCfg = Release|Any CPU
		{2C6C872F-FB8D-4AD5-A14B-5A7AE9B8A89B}.Debug|Any CPU.Build.0 = Release|Any CPU
		{2C6C872F-FB8D-4AD5-A14B-5A7AE9B8A89B}.Debug|Mixed Platforms.ActiveCfg = Debug|Any CPU
		{2C6C872F-FB8D-4AD5-A14B-5A7AE9B8A89B}.Debug|Mixed Platforms.Build.0 = Debug|Any CPU
		{2C6C872F-FB8D-4AD5-A14B-5A7AE9B8A89B}.Debug|Win32.ActiveCfg = Debug|Any CPU
		{2C6C872F-FB8D-4AD5-A14B-5A7AE9B8A89B}.Debug|x86.ActiveCfg = Debug|Any CPU
		{2C6C872F-FB8D-4AD5-A14B-5A7AE9B8A89B}.Dev|Any CPU.ActiveCfg = Release|Any CPU
		{2C6C872F-FB8D-4AD5-A14B-5A7AE9B8A89B}.Dev|Mixed Platforms.ActiveCfg = Debug|Any CPU
		{2C6C872F-FB8D-4AD5-A14B-5A7AE9B8A89B}.Dev|Mixed Platforms.Build.0 = Debug|Any CPU
		{2C6C872F-FB8D-4AD5-A14B-5A7AE9B8A89B}.Dev|Win32.ActiveCfg = Debug|Any CPU
		{2C6C872F-FB8D-4AD5-A14B-5A7AE9B8A89B}.Dev|x86.ActiveCfg = Debug|Any CPU
		{2C6C872F-FB8D-4AD5-A14B-5A7AE9B8A89B}.Documentation|Any CPU.ActiveCfg = Release|Any CPU
		{2C6C872F-FB8D-4AD5-A14B-5A7AE9B8A89B}.Documentation|Mixed Platforms.ActiveCfg = Debug|Any CPU
		{2C6C872F-FB8D-4AD5-A14B-5A7AE9B8A89B}.Documentation|Mixed Platforms.Build.0 = Debug|Any CPU
		{2C6C872F-FB8D-4AD5-A14B-5A7AE9B8A89B}.Documentation|Win32.ActiveCfg = Debug|Any CPU
		{2C6C872F-FB8D-4AD5-A14B-5A7AE9B8A89B}.Documentation|x86.ActiveCfg = Debug|Any CPU
		{2C6C872F-FB8D-4AD5-A14B-5A7AE9B8A89B}.Release|Any CPU.ActiveCfg = Release|Any CPU
		{2C6C872F-FB8D-4AD5-A14B-5A7AE9B8A89B}.Release|Any CPU.Build.0 = Release|Any CPU
		{2C6C872F-FB8D-4AD5-A14B-5A7AE9B8A89B}.Release|Mixed Platforms.ActiveCfg = Release|Any CPU
		{2C6C872F-FB8D-4AD5-A14B-5A7AE9B8A89B}.Release|Mixed Platforms.Build.0 = Release|Any CPU
		{2C6C872F-FB8D-4AD5-A14B-5A7AE9B8A89B}.Release|Win32.ActiveCfg = Release|Any CPU
		{2C6C872F-FB8D-4AD5-A14B-5A7AE9B8A89B}.Release|x86.ActiveCfg = Release|Any CPU
		{2C6C872F-FB8D-4AD5-A14B-5A7AE9B8A89B}.Setup|Any CPU.ActiveCfg = Release|Any CPU
		{2C6C872F-FB8D-4AD5-A14B-5A7AE9B8A89B}.Setup|Any CPU.Build.0 = Release|Any CPU
		{2C6C872F-FB8D-4AD5-A14B-5A7AE9B8A89B}.Setup|Mixed Platforms.ActiveCfg = Release|Any CPU
		{2C6C872F-FB8D-4AD5-A14B-5A7AE9B8A89B}.Setup|Mixed Platforms.Build.0 = Release|Any CPU
		{2C6C872F-FB8D-4AD5-A14B-5A7AE9B8A89B}.Setup|Win32.ActiveCfg = Release|Any CPU
		{2C6C872F-FB8D-4AD5-A14B-5A7AE9B8A89B}.Setup|x86.ActiveCfg = Release|Any CPU
		{E744FE0E-5802-4B6A-86EB-46BF29804075}.Debug|Any CPU.ActiveCfg = Release|Any CPU
		{E744FE0E-5802-4B6A-86EB-46BF29804075}.Debug|Any CPU.Build.0 = Release|Any CPU
		{E744FE0E-5802-4B6A-86EB-46BF29804075}.Debug|Mixed Platforms.ActiveCfg = Debug|Any CPU
		{E744FE0E-5802-4B6A-86EB-46BF29804075}.Debug|Mixed Platforms.Build.0 = Debug|Any CPU
		{E744FE0E-5802-4B6A-86EB-46BF29804075}.Debug|Win32.ActiveCfg = Debug|Any CPU
		{E744FE0E-5802-4B6A-86EB-46BF29804075}.Debug|x86.ActiveCfg = Debug|Any CPU
		{E744FE0E-5802-4B6A-86EB-46BF29804075}.Dev|Any CPU.ActiveCfg = Release|Any CPU
		{E744FE0E-5802-4B6A-86EB-46BF29804075}.Dev|Mixed Platforms.ActiveCfg = Debug|Any CPU
		{E744FE0E-5802-4B6A-86EB-46BF29804075}.Dev|Mixed Platforms.Build.0 = Debug|Any CPU
		{E744FE0E-5802-4B6A-86EB-46BF29804075}.Dev|Win32.ActiveCfg = Debug|Any CPU
		{E744FE0E-5802-4B6A-86EB-46BF29804075}.Dev|x86.ActiveCfg = Debug|Any CPU
		{E744FE0E-5802-4B6A-86EB-46BF29804075}.Documentation|Any CPU.ActiveCfg = Release|Any CPU
		{E744FE0E-5802-4B6A-86EB-46BF29804075}.Documentation|Mixed Platforms.ActiveCfg = Debug|Any CPU
		{E744FE0E-5802-4B6A-86EB-46BF29804075}.Documentation|Mixed Platforms.Build.0 = Debug|Any CPU
		{E744FE0E-5802-4B6A-86EB-46BF29804075}.Documentation|Win32.ActiveCfg = Debug|Any CPU
		{E744FE0E-5802-4B6A-86EB-46BF29804075}.Documentation|x86.ActiveCfg = Debug|Any CPU
		{E744FE0E-5802-4B6A-86EB-46BF29804075}.Release|Any CPU.ActiveCfg = Release|Any CPU
		{E744FE0E-5802-4B6A-86EB-46BF29804075}.Release|Any CPU.Build.0 = Release|Any CPU
		{E744FE0E-5802-4B6A-86EB-46BF29804075}.Release|Mixed Platforms.ActiveCfg = Release|Any CPU
		{E744FE0E-5802-4B6A-86EB-46BF29804075}.Release|Mixed Platforms.Build.0 = Release|Any CPU
		{E744FE0E-5802-4B6A-86EB-46BF29804075}.Release|Win32.ActiveCfg = Release|Any CPU
		{E744FE0E-5802-4B6A-86EB-46BF29804075}.Release|x86.ActiveCfg = Release|Any CPU
		{E744FE0E-5802-4B6A-86EB-46BF29804075}.Setup|Any CPU.ActiveCfg = Release|Any CPU
		{E744FE0E-5802-4B6A-86EB-46BF29804075}.Setup|Any CPU.Build.0 = Release|Any CPU
		{E744FE0E-5802-4B6A-86EB-46BF29804075}.Setup|Mixed Platforms.ActiveCfg = Release|Any CPU
		{E744FE0E-5802-4B6A-86EB-46BF29804075}.Setup|Mixed Platforms.Build.0 = Release|Any CPU
		{E744FE0E-5802-4B6A-86EB-46BF29804075}.Setup|Win32.ActiveCfg = Release|Any CPU
		{E744FE0E-5802-4B6A-86EB-46BF29804075}.Setup|x86.ActiveCfg = Release|Any CPU
		{0CFF5CBF-6AE5-491C-8A2D-D082D012FC8F}.Debug|Any CPU.ActiveCfg = Release|Any CPU
		{0CFF5CBF-6AE5-491C-8A2D-D082D012FC8F}.Debug|Any CPU.Build.0 = Release|Any CPU
		{0CFF5CBF-6AE5-491C-8A2D-D082D012FC8F}.Debug|Mixed Platforms.ActiveCfg = Debug|Any CPU
		{0CFF5CBF-6AE5-491C-8A2D-D082D012FC8F}.Debug|Mixed Platforms.Build.0 = Debug|Any CPU
		{0CFF5CBF-6AE5-491C-8A2D-D082D012FC8F}.Debug|Win32.ActiveCfg = Debug|Any CPU
		{0CFF5CBF-6AE5-491C-8A2D-D082D012FC8F}.Debug|x86.ActiveCfg = Debug|Any CPU
		{0CFF5CBF-6AE5-491C-8A2D-D082D012FC8F}.Dev|Any CPU.ActiveCfg = Release|Any CPU
		{0CFF5CBF-6AE5-491C-8A2D-D082D012FC8F}.Dev|Mixed Platforms.ActiveCfg = Debug|Any CPU
		{0CFF5CBF-6AE5-491C-8A2D-D082D012FC8F}.Dev|Mixed Platforms.Build.0 = Debug|Any CPU
		{0CFF5CBF-6AE5-491C-8A2D-D082D012FC8F}.Dev|Win32.ActiveCfg = Debug|Any CPU
		{0CFF5CBF-6AE5-491C-8A2D-D082D012FC8F}.Dev|x86.ActiveCfg = Debug|Any CPU
		{0CFF5CBF-6AE5-491C-8A2D-D082D012FC8F}.Documentation|Any CPU.ActiveCfg = Release|Any CPU
		{0CFF5CBF-6AE5-491C-8A2D-D082D012FC8F}.Documentation|Mixed Platforms.ActiveCfg = Debug|Any CPU
		{0CFF5CBF-6AE5-491C-8A2D-D082D012FC8F}.Documentation|Mixed Platforms.Build.0 = Debug|Any CPU
		{0CFF5CBF-6AE5-491C-8A2D-D082D012FC8F}.Documentation|Win32.ActiveCfg = Debug|Any CPU
		{0CFF5CBF-6AE5-491C-8A2D-D082D012FC8F}.Documentation|x86.ActiveCfg = Debug|Any CPU
		{0CFF5CBF-6AE5-491C-8A2D-D082D012FC8F}.Release|Any CPU.ActiveCfg = Release|Any CPU
		{0CFF5CBF-6AE5-491C-8A2D-D082D012FC8F}.Release|Any CPU.Build.0 = Release|Any CPU
		{0CFF5CBF-6AE5-491C-8A2D-D082D012FC8F}.Release|Mixed Platforms.ActiveCfg = Release|Any CPU
		{0CFF5CBF-6AE5-491C-8A2D-D082D012FC8F}.Release|Mixed Platforms.Build.0 = Release|Any CPU
		{0CFF5CBF-6AE5-491C-8A2D-D082D012FC8F}.Release|Win32.ActiveCfg = Release|Any CPU
		{0CFF5CBF-6AE5-491C-8A2D-D082D012FC8F}.Release|x86.ActiveCfg = Release|Any CPU
		{0CFF5CBF-6AE5-491C-8A2D-D082D012FC8F}.Setup|Any CPU.ActiveCfg = Release|Any CPU
		{0CFF5CBF-6AE5-491C-8A2D-D082D012FC8F}.Setup|Any CPU.Build.0 = Release|Any CPU
		{0CFF5CBF-6AE5-491C-8A2D-D082D012FC8F}.Setup|Mixed Platforms.ActiveCfg = Release|Any CPU
		{0CFF5CBF-6AE5-491C-8A2D-D082D012FC8F}.Setup|Mixed Platforms.Build.0 = Release|Any CPU
		{0CFF5CBF-6AE5-491C-8A2D-D082D012FC8F}.Setup|Win32.ActiveCfg = Release|Any CPU
		{0CFF5CBF-6AE5-491C-8A2D-D082D012FC8F}.Setup|x86.ActiveCfg = Release|Any CPU
		{A51043AD-063D-4693-A40A-E85219CFCDCA}.Debug|Any CPU.ActiveCfg = Release|Any CPU
		{A51043AD-063D-4693-A40A-E85219CFCDCA}.Debug|Any CPU.Build.0 = Release|Any CPU
		{A51043AD-063D-4693-A40A-E85219CFCDCA}.Debug|Mixed Platforms.ActiveCfg = Debug|Any CPU
		{A51043AD-063D-4693-A40A-E85219CFCDCA}.Debug|Mixed Platforms.Build.0 = Debug|Any CPU
		{A51043AD-063D-4693-A40A-E85219CFCDCA}.Debug|Win32.ActiveCfg = Debug|Any CPU
		{A51043AD-063D-4693-A40A-E85219CFCDCA}.Debug|x86.ActiveCfg = Debug|Any CPU
		{A51043AD-063D-4693-A40A-E85219CFCDCA}.Dev|Any CPU.ActiveCfg = Release|Any CPU
		{A51043AD-063D-4693-A40A-E85219CFCDCA}.Dev|Mixed Platforms.ActiveCfg = Debug|Any CPU
		{A51043AD-063D-4693-A40A-E85219CFCDCA}.Dev|Mixed Platforms.Build.0 = Debug|Any CPU
		{A51043AD-063D-4693-A40A-E85219CFCDCA}.Dev|Win32.ActiveCfg = Debug|Any CPU
		{A51043AD-063D-4693-A40A-E85219CFCDCA}.Dev|x86.ActiveCfg = Debug|Any CPU
		{A51043AD-063D-4693-A40A-E85219CFCDCA}.Documentation|Any CPU.ActiveCfg = Release|Any CPU
		{A51043AD-063D-4693-A40A-E85219CFCDCA}.Documentation|Mixed Platforms.ActiveCfg = Debug|Any CPU
		{A51043AD-063D-4693-A40A-E85219CFCDCA}.Documentation|Mixed Platforms.Build.0 = Debug|Any CPU
		{A51043AD-063D-4693-A40A-E85219CFCDCA}.Documentation|Win32.ActiveCfg = Debug|Any CPU
		{A51043AD-063D-4693-A40A-E85219CFCDCA}.Documentation|x86.ActiveCfg = Debug|Any CPU
		{A51043AD-063D-4693-A40A-E85219CFCDCA}.Release|Any CPU.ActiveCfg = Release|Any CPU
		{A51043AD-063D-4693-A40A-E85219CFCDCA}.Release|Any CPU.Build.0 = Release|Any CPU
		{A51043AD-063D-4693-A40A-E85219CFCDCA}.Release|Mixed Platforms.ActiveCfg = Release|Any CPU
		{A51043AD-063D-4693-A40A-E85219CFCDCA}.Release|Mixed Platforms.Build.0 = Release|Any CPU
		{A51043AD-063D-4693-A40A-E85219CFCDCA}.Release|Win32.ActiveCfg = Release|Any CPU
		{A51043AD-063D-4693-A40A-E85219CFCDCA}.Release|x86.ActiveCfg = Release|Any CPU
		{A51043AD-063D-4693-A40A-E85219CFCDCA}.Setup|Any CPU.ActiveCfg = Release|Any CPU
		{A51043AD-063D-4693-A40A-E85219CFCDCA}.Setup|Any CPU.Build.0 = Release|Any CPU
		{A51043AD-063D-4693-A40A-E85219CFCDCA}.Setup|Mixed Platforms.ActiveCfg = Release|Any CPU
		{A51043AD-063D-4693-A40A-E85219CFCDCA}.Setup|Mixed Platforms.Build.0 = Release|Any CPU
		{A51043AD-063D-4693-A40A-E85219CFCDCA}.Setup|Win32.ActiveCfg = Release|Any CPU
		{A51043AD-063D-4693-A40A-E85219CFCDCA}.Setup|x86.ActiveCfg = Release|Any CPU
		{E2D10969-77AD-40C9-9F90-3ACEFE92A573}.Debug|Any CPU.ActiveCfg = Debug|Any CPU
		{E2D10969-77AD-40C9-9F90-3ACEFE92A573}.Debug|Any CPU.Build.0 = Debug|Any CPU
		{E2D10969-77AD-40C9-9F90-3ACEFE92A573}.Debug|Mixed Platforms.ActiveCfg = Debug|Any CPU
		{E2D10969-77AD-40C9-9F90-3ACEFE92A573}.Debug|Mixed Platforms.Build.0 = Debug|Any CPU
		{E2D10969-77AD-40C9-9F90-3ACEFE92A573}.Debug|Win32.ActiveCfg = Debug|Any CPU
		{E2D10969-77AD-40C9-9F90-3ACEFE92A573}.Debug|x86.ActiveCfg = Debug|Any CPU
		{E2D10969-77AD-40C9-9F90-3ACEFE92A573}.Dev|Any CPU.ActiveCfg = Debug|Any CPU
		{E2D10969-77AD-40C9-9F90-3ACEFE92A573}.Dev|Mixed Platforms.ActiveCfg = Debug|Any CPU
		{E2D10969-77AD-40C9-9F90-3ACEFE92A573}.Dev|Mixed Platforms.Build.0 = Debug|Any CPU
		{E2D10969-77AD-40C9-9F90-3ACEFE92A573}.Dev|Win32.ActiveCfg = Debug|Any CPU
		{E2D10969-77AD-40C9-9F90-3ACEFE92A573}.Dev|x86.ActiveCfg = Debug|Any CPU
		{E2D10969-77AD-40C9-9F90-3ACEFE92A573}.Documentation|Any CPU.ActiveCfg = Debug|Any CPU
		{E2D10969-77AD-40C9-9F90-3ACEFE92A573}.Documentation|Mixed Platforms.ActiveCfg = Debug|Any CPU
		{E2D10969-77AD-40C9-9F90-3ACEFE92A573}.Documentation|Mixed Platforms.Build.0 = Debug|Any CPU
		{E2D10969-77AD-40C9-9F90-3ACEFE92A573}.Documentation|Win32.ActiveCfg = Debug|Any CPU
		{E2D10969-77AD-40C9-9F90-3ACEFE92A573}.Documentation|x86.ActiveCfg = Debug|Any CPU
		{E2D10969-77AD-40C9-9F90-3ACEFE92A573}.Release|Any CPU.ActiveCfg = Release|Any CPU
		{E2D10969-77AD-40C9-9F90-3ACEFE92A573}.Release|Any CPU.Build.0 = Release|Any CPU
		{E2D10969-77AD-40C9-9F90-3ACEFE92A573}.Release|Mixed Platforms.ActiveCfg = Release|Any CPU
		{E2D10969-77AD-40C9-9F90-3ACEFE92A573}.Release|Mixed Platforms.Build.0 = Release|Any CPU
		{E2D10969-77AD-40C9-9F90-3ACEFE92A573}.Release|Win32.ActiveCfg = Release|Any CPU
		{E2D10969-77AD-40C9-9F90-3ACEFE92A573}.Release|x86.ActiveCfg = Release|Any CPU
		{E2D10969-77AD-40C9-9F90-3ACEFE92A573}.Setup|Any CPU.ActiveCfg = Debug|Any CPU
		{E2D10969-77AD-40C9-9F90-3ACEFE92A573}.Setup|Any CPU.Build.0 = Debug|Any CPU
		{E2D10969-77AD-40C9-9F90-3ACEFE92A573}.Setup|Mixed Platforms.ActiveCfg = Release|Any CPU
		{E2D10969-77AD-40C9-9F90-3ACEFE92A573}.Setup|Mixed Platforms.Build.0 = Release|Any CPU
		{E2D10969-77AD-40C9-9F90-3ACEFE92A573}.Setup|Win32.ActiveCfg = Release|Any CPU
		{E2D10969-77AD-40C9-9F90-3ACEFE92A573}.Setup|x86.ActiveCfg = Release|Any CPU
		{866F8D29-C6AC-4F9A-BCBA-7D60B9D79E5F}.Debug|Any CPU.ActiveCfg = Release|Any CPU
		{866F8D29-C6AC-4F9A-BCBA-7D60B9D79E5F}.Debug|Any CPU.Build.0 = Release|Any CPU
		{866F8D29-C6AC-4F9A-BCBA-7D60B9D79E5F}.Debug|Mixed Platforms.ActiveCfg = Debug|Any CPU
		{866F8D29-C6AC-4F9A-BCBA-7D60B9D79E5F}.Debug|Mixed Platforms.Build.0 = Debug|Any CPU
		{866F8D29-C6AC-4F9A-BCBA-7D60B9D79E5F}.Debug|Win32.ActiveCfg = Debug|Any CPU
		{866F8D29-C6AC-4F9A-BCBA-7D60B9D79E5F}.Debug|x86.ActiveCfg = Debug|Any CPU
		{866F8D29-C6AC-4F9A-BCBA-7D60B9D79E5F}.Dev|Any CPU.ActiveCfg = Debug|Any CPU
		{866F8D29-C6AC-4F9A-BCBA-7D60B9D79E5F}.Dev|Any CPU.Build.0 = Debug|Any CPU
		{866F8D29-C6AC-4F9A-BCBA-7D60B9D79E5F}.Dev|Mixed Platforms.ActiveCfg = Debug|Any CPU
		{866F8D29-C6AC-4F9A-BCBA-7D60B9D79E5F}.Dev|Mixed Platforms.Build.0 = Debug|Any CPU
		{866F8D29-C6AC-4F9A-BCBA-7D60B9D79E5F}.Dev|Win32.ActiveCfg = Debug|Any CPU
		{866F8D29-C6AC-4F9A-BCBA-7D60B9D79E5F}.Dev|x86.ActiveCfg = Debug|Any CPU
		{866F8D29-C6AC-4F9A-BCBA-7D60B9D79E5F}.Documentation|Any CPU.ActiveCfg = Debug|Any CPU
		{866F8D29-C6AC-4F9A-BCBA-7D60B9D79E5F}.Documentation|Any CPU.Build.0 = Debug|Any CPU
		{866F8D29-C6AC-4F9A-BCBA-7D60B9D79E5F}.Documentation|Mixed Platforms.ActiveCfg = Debug|Any CPU
		{866F8D29-C6AC-4F9A-BCBA-7D60B9D79E5F}.Documentation|Mixed Platforms.Build.0 = Debug|Any CPU
		{866F8D29-C6AC-4F9A-BCBA-7D60B9D79E5F}.Documentation|Win32.ActiveCfg = Debug|Any CPU
		{866F8D29-C6AC-4F9A-BCBA-7D60B9D79E5F}.Documentation|x86.ActiveCfg = Debug|Any CPU
		{866F8D29-C6AC-4F9A-BCBA-7D60B9D79E5F}.Release|Any CPU.ActiveCfg = Release|Any CPU
		{866F8D29-C6AC-4F9A-BCBA-7D60B9D79E5F}.Release|Any CPU.Build.0 = Release|Any CPU
		{866F8D29-C6AC-4F9A-BCBA-7D60B9D79E5F}.Release|Mixed Platforms.ActiveCfg = Release|Any CPU
		{866F8D29-C6AC-4F9A-BCBA-7D60B9D79E5F}.Release|Mixed Platforms.Build.0 = Release|Any CPU
		{866F8D29-C6AC-4F9A-BCBA-7D60B9D79E5F}.Release|Win32.ActiveCfg = Release|Any CPU
		{866F8D29-C6AC-4F9A-BCBA-7D60B9D79E5F}.Release|x86.ActiveCfg = Release|Any CPU
		{866F8D29-C6AC-4F9A-BCBA-7D60B9D79E5F}.Setup|Any CPU.ActiveCfg = Release|Any CPU
		{866F8D29-C6AC-4F9A-BCBA-7D60B9D79E5F}.Setup|Any CPU.Build.0 = Release|Any CPU
		{866F8D29-C6AC-4F9A-BCBA-7D60B9D79E5F}.Setup|Mixed Platforms.ActiveCfg = Release|Any CPU
		{866F8D29-C6AC-4F9A-BCBA-7D60B9D79E5F}.Setup|Mixed Platforms.Build.0 = Release|Any CPU
		{866F8D29-C6AC-4F9A-BCBA-7D60B9D79E5F}.Setup|Win32.ActiveCfg = Release|Any CPU
		{866F8D29-C6AC-4F9A-BCBA-7D60B9D79E5F}.Setup|x86.ActiveCfg = Release|Any CPU
		{C5629651-79A4-4AEE-B316-0DC7116D6176}.Debug|Any CPU.ActiveCfg = Release|Any CPU
		{C5629651-79A4-4AEE-B316-0DC7116D6176}.Debug|Any CPU.Build.0 = Release|Any CPU
		{C5629651-79A4-4AEE-B316-0DC7116D6176}.Debug|Mixed Platforms.ActiveCfg = Debug|Any CPU
		{C5629651-79A4-4AEE-B316-0DC7116D6176}.Debug|Mixed Platforms.Build.0 = Debug|Any CPU
		{C5629651-79A4-4AEE-B316-0DC7116D6176}.Debug|Win32.ActiveCfg = Debug|Any CPU
		{C5629651-79A4-4AEE-B316-0DC7116D6176}.Debug|x86.ActiveCfg = Debug|Any CPU
		{C5629651-79A4-4AEE-B316-0DC7116D6176}.Dev|Any CPU.ActiveCfg = Release|Any CPU
		{C5629651-79A4-4AEE-B316-0DC7116D6176}.Dev|Any CPU.Build.0 = Release|Any CPU
		{C5629651-79A4-4AEE-B316-0DC7116D6176}.Dev|Mixed Platforms.ActiveCfg = Debug|Any CPU
		{C5629651-79A4-4AEE-B316-0DC7116D6176}.Dev|Mixed Platforms.Build.0 = Debug|Any CPU
		{C5629651-79A4-4AEE-B316-0DC7116D6176}.Dev|Win32.ActiveCfg = Debug|Any CPU
		{C5629651-79A4-4AEE-B316-0DC7116D6176}.Dev|x86.ActiveCfg = Debug|Any CPU
		{C5629651-79A4-4AEE-B316-0DC7116D6176}.Documentation|Any CPU.ActiveCfg = Debug|Any CPU
		{C5629651-79A4-4AEE-B316-0DC7116D6176}.Documentation|Any CPU.Build.0 = Debug|Any CPU
		{C5629651-79A4-4AEE-B316-0DC7116D6176}.Documentation|Mixed Platforms.ActiveCfg = Debug|Any CPU
		{C5629651-79A4-4AEE-B316-0DC7116D6176}.Documentation|Mixed Platforms.Build.0 = Debug|Any CPU
		{C5629651-79A4-4AEE-B316-0DC7116D6176}.Documentation|Win32.ActiveCfg = Debug|Any CPU
		{C5629651-79A4-4AEE-B316-0DC7116D6176}.Documentation|x86.ActiveCfg = Debug|Any CPU
		{C5629651-79A4-4AEE-B316-0DC7116D6176}.Release|Any CPU.ActiveCfg = Release|Any CPU
		{C5629651-79A4-4AEE-B316-0DC7116D6176}.Release|Any CPU.Build.0 = Release|Any CPU
		{C5629651-79A4-4AEE-B316-0DC7116D6176}.Release|Mixed Platforms.ActiveCfg = Release|Any CPU
		{C5629651-79A4-4AEE-B316-0DC7116D6176}.Release|Mixed Platforms.Build.0 = Release|Any CPU
		{C5629651-79A4-4AEE-B316-0DC7116D6176}.Release|Win32.ActiveCfg = Release|Any CPU
		{C5629651-79A4-4AEE-B316-0DC7116D6176}.Release|x86.ActiveCfg = Release|Any CPU
		{C5629651-79A4-4AEE-B316-0DC7116D6176}.Setup|Any CPU.ActiveCfg = Release|Any CPU
		{C5629651-79A4-4AEE-B316-0DC7116D6176}.Setup|Any CPU.Build.0 = Release|Any CPU
		{C5629651-79A4-4AEE-B316-0DC7116D6176}.Setup|Mixed Platforms.ActiveCfg = Release|Any CPU
		{C5629651-79A4-4AEE-B316-0DC7116D6176}.Setup|Mixed Platforms.Build.0 = Release|Any CPU
		{C5629651-79A4-4AEE-B316-0DC7116D6176}.Setup|Win32.ActiveCfg = Release|Any CPU
		{C5629651-79A4-4AEE-B316-0DC7116D6176}.Setup|x86.ActiveCfg = Release|Any CPU
		{FC2BC821-DBA7-4606-9C13-A85A0A253CBB}.Debug|Any CPU.ActiveCfg = Debug|Any CPU
		{FC2BC821-DBA7-4606-9C13-A85A0A253CBB}.Debug|Any CPU.Build.0 = Debug|Any CPU
		{FC2BC821-DBA7-4606-9C13-A85A0A253CBB}.Debug|Mixed Platforms.ActiveCfg = Debug|Any CPU
		{FC2BC821-DBA7-4606-9C13-A85A0A253CBB}.Debug|Mixed Platforms.Build.0 = Debug|Any CPU
		{FC2BC821-DBA7-4606-9C13-A85A0A253CBB}.Debug|Win32.ActiveCfg = Debug|Any CPU
		{FC2BC821-DBA7-4606-9C13-A85A0A253CBB}.Debug|x86.ActiveCfg = Debug|Any CPU
		{FC2BC821-DBA7-4606-9C13-A85A0A253CBB}.Dev|Any CPU.ActiveCfg = Debug|Any CPU
		{FC2BC821-DBA7-4606-9C13-A85A0A253CBB}.Dev|Any CPU.Build.0 = Debug|Any CPU
		{FC2BC821-DBA7-4606-9C13-A85A0A253CBB}.Dev|Mixed Platforms.ActiveCfg = Debug|Any CPU
		{FC2BC821-DBA7-4606-9C13-A85A0A253CBB}.Dev|Mixed Platforms.Build.0 = Debug|Any CPU
		{FC2BC821-DBA7-4606-9C13-A85A0A253CBB}.Dev|Win32.ActiveCfg = Debug|Any CPU
		{FC2BC821-DBA7-4606-9C13-A85A0A253CBB}.Dev|x86.ActiveCfg = Debug|Any CPU
		{FC2BC821-DBA7-4606-9C13-A85A0A253CBB}.Documentation|Any CPU.ActiveCfg = Debug|Any CPU
		{FC2BC821-DBA7-4606-9C13-A85A0A253CBB}.Documentation|Any CPU.Build.0 = Debug|Any CPU
		{FC2BC821-DBA7-4606-9C13-A85A0A253CBB}.Documentation|Mixed Platforms.ActiveCfg = Debug|Any CPU
		{FC2BC821-DBA7-4606-9C13-A85A0A253CBB}.Documentation|Mixed Platforms.Build.0 = Debug|Any CPU
		{FC2BC821-DBA7-4606-9C13-A85A0A253CBB}.Documentation|Win32.ActiveCfg = Debug|Any CPU
		{FC2BC821-DBA7-4606-9C13-A85A0A253CBB}.Documentation|x86.ActiveCfg = Debug|Any CPU
		{FC2BC821-DBA7-4606-9C13-A85A0A253CBB}.Release|Any CPU.ActiveCfg = Release|Any CPU
		{FC2BC821-DBA7-4606-9C13-A85A0A253CBB}.Release|Any CPU.Build.0 = Release|Any CPU
		{FC2BC821-DBA7-4606-9C13-A85A0A253CBB}.Release|Mixed Platforms.ActiveCfg = Release|Any CPU
		{FC2BC821-DBA7-4606-9C13-A85A0A253CBB}.Release|Mixed Platforms.Build.0 = Release|Any CPU
		{FC2BC821-DBA7-4606-9C13-A85A0A253CBB}.Release|Win32.ActiveCfg = Release|Any CPU
		{FC2BC821-DBA7-4606-9C13-A85A0A253CBB}.Release|x86.ActiveCfg = Release|Any CPU
		{FC2BC821-DBA7-4606-9C13-A85A0A253CBB}.Setup|Any CPU.ActiveCfg = Release|Any CPU
		{FC2BC821-DBA7-4606-9C13-A85A0A253CBB}.Setup|Any CPU.Build.0 = Release|Any CPU
		{FC2BC821-DBA7-4606-9C13-A85A0A253CBB}.Setup|Mixed Platforms.ActiveCfg = Release|Any CPU
		{FC2BC821-DBA7-4606-9C13-A85A0A253CBB}.Setup|Mixed Platforms.Build.0 = Release|Any CPU
		{FC2BC821-DBA7-4606-9C13-A85A0A253CBB}.Setup|Win32.ActiveCfg = Release|Any CPU
		{FC2BC821-DBA7-4606-9C13-A85A0A253CBB}.Setup|x86.ActiveCfg = Release|Any CPU
		{253B3D57-F8C5-424D-AACF-55989CEA688E}.Debug|Any CPU.ActiveCfg = Debug|Any CPU
		{253B3D57-F8C5-424D-AACF-55989CEA688E}.Debug|Any CPU.Build.0 = Debug|Any CPU
		{253B3D57-F8C5-424D-AACF-55989CEA688E}.Debug|Mixed Platforms.ActiveCfg = Debug|Any CPU
		{253B3D57-F8C5-424D-AACF-55989CEA688E}.Debug|Mixed Platforms.Build.0 = Debug|Any CPU
		{253B3D57-F8C5-424D-AACF-55989CEA688E}.Debug|Win32.ActiveCfg = Debug|Any CPU
		{253B3D57-F8C5-424D-AACF-55989CEA688E}.Debug|x86.ActiveCfg = Debug|Any CPU
		{253B3D57-F8C5-424D-AACF-55989CEA688E}.Dev|Any CPU.ActiveCfg = Debug|Any CPU
		{253B3D57-F8C5-424D-AACF-55989CEA688E}.Dev|Any CPU.Build.0 = Debug|Any CPU
		{253B3D57-F8C5-424D-AACF-55989CEA688E}.Dev|Mixed Platforms.ActiveCfg = Debug|Any CPU
		{253B3D57-F8C5-424D-AACF-55989CEA688E}.Dev|Mixed Platforms.Build.0 = Debug|Any CPU
		{253B3D57-F8C5-424D-AACF-55989CEA688E}.Dev|Win32.ActiveCfg = Debug|Any CPU
		{253B3D57-F8C5-424D-AACF-55989CEA688E}.Dev|x86.ActiveCfg = Debug|Any CPU
		{253B3D57-F8C5-424D-AACF-55989CEA688E}.Documentation|Any CPU.ActiveCfg = Debug|Any CPU
		{253B3D57-F8C5-424D-AACF-55989CEA688E}.Documentation|Any CPU.Build.0 = Debug|Any CPU
		{253B3D57-F8C5-424D-AACF-55989CEA688E}.Documentation|Mixed Platforms.ActiveCfg = Debug|Any CPU
		{253B3D57-F8C5-424D-AACF-55989CEA688E}.Documentation|Mixed Platforms.Build.0 = Debug|Any CPU
		{253B3D57-F8C5-424D-AACF-55989CEA688E}.Documentation|Win32.ActiveCfg = Debug|Any CPU
		{253B3D57-F8C5-424D-AACF-55989CEA688E}.Documentation|x86.ActiveCfg = Debug|Any CPU
		{253B3D57-F8C5-424D-AACF-55989CEA688E}.Release|Any CPU.ActiveCfg = Release|Any CPU
		{253B3D57-F8C5-424D-AACF-55989CEA688E}.Release|Any CPU.Build.0 = Release|Any CPU
		{253B3D57-F8C5-424D-AACF-55989CEA688E}.Release|Mixed Platforms.ActiveCfg = Release|Any CPU
		{253B3D57-F8C5-424D-AACF-55989CEA688E}.Release|Mixed Platforms.Build.0 = Release|Any CPU
		{253B3D57-F8C5-424D-AACF-55989CEA688E}.Release|Win32.ActiveCfg = Release|Any CPU
		{253B3D57-F8C5-424D-AACF-55989CEA688E}.Release|x86.ActiveCfg = Release|Any CPU
		{253B3D57-F8C5-424D-AACF-55989CEA688E}.Setup|Any CPU.ActiveCfg = Release|Any CPU
		{253B3D57-F8C5-424D-AACF-55989CEA688E}.Setup|Any CPU.Build.0 = Release|Any CPU
		{253B3D57-F8C5-424D-AACF-55989CEA688E}.Setup|Mixed Platforms.ActiveCfg = Release|Any CPU
		{253B3D57-F8C5-424D-AACF-55989CEA688E}.Setup|Mixed Platforms.Build.0 = Release|Any CPU
		{253B3D57-F8C5-424D-AACF-55989CEA688E}.Setup|Win32.ActiveCfg = Release|Any CPU
		{253B3D57-F8C5-424D-AACF-55989CEA688E}.Setup|x86.ActiveCfg = Release|Any CPU
		{B19FA966-C83F-4EB4-A54F-91DBB2F3D131}.Debug|Any CPU.ActiveCfg = Debug|Any CPU
		{B19FA966-C83F-4EB4-A54F-91DBB2F3D131}.Debug|Any CPU.Build.0 = Debug|Any CPU
		{B19FA966-C83F-4EB4-A54F-91DBB2F3D131}.Debug|Mixed Platforms.ActiveCfg = Debug|Any CPU
		{B19FA966-C83F-4EB4-A54F-91DBB2F3D131}.Debug|Mixed Platforms.Build.0 = Debug|Any CPU
		{B19FA966-C83F-4EB4-A54F-91DBB2F3D131}.Debug|Win32.ActiveCfg = Debug|Any CPU
		{B19FA966-C83F-4EB4-A54F-91DBB2F3D131}.Debug|x86.ActiveCfg = Debug|Any CPU
		{B19FA966-C83F-4EB4-A54F-91DBB2F3D131}.Dev|Any CPU.ActiveCfg = Debug|Any CPU
		{B19FA966-C83F-4EB4-A54F-91DBB2F3D131}.Dev|Any CPU.Build.0 = Debug|Any CPU
		{B19FA966-C83F-4EB4-A54F-91DBB2F3D131}.Dev|Mixed Platforms.ActiveCfg = Debug|Any CPU
		{B19FA966-C83F-4EB4-A54F-91DBB2F3D131}.Dev|Mixed Platforms.Build.0 = Debug|Any CPU
		{B19FA966-C83F-4EB4-A54F-91DBB2F3D131}.Dev|Win32.ActiveCfg = Debug|Any CPU
		{B19FA966-C83F-4EB4-A54F-91DBB2F3D131}.Dev|x86.ActiveCfg = Debug|Any CPU
		{B19FA966-C83F-4EB4-A54F-91DBB2F3D131}.Documentation|Any CPU.ActiveCfg = Debug|Any CPU
		{B19FA966-C83F-4EB4-A54F-91DBB2F3D131}.Documentation|Any CPU.Build.0 = Debug|Any CPU
		{B19FA966-C83F-4EB4-A54F-91DBB2F3D131}.Documentation|Mixed Platforms.ActiveCfg = Debug|Any CPU
		{B19FA966-C83F-4EB4-A54F-91DBB2F3D131}.Documentation|Mixed Platforms.Build.0 = Debug|Any CPU
		{B19FA966-C83F-4EB4-A54F-91DBB2F3D131}.Documentation|Win32.ActiveCfg = Debug|Any CPU
		{B19FA966-C83F-4EB4-A54F-91DBB2F3D131}.Documentation|x86.ActiveCfg = Debug|Any CPU
		{B19FA966-C83F-4EB4-A54F-91DBB2F3D131}.Release|Any CPU.ActiveCfg = Release|Any CPU
		{B19FA966-C83F-4EB4-A54F-91DBB2F3D131}.Release|Any CPU.Build.0 = Release|Any CPU
		{B19FA966-C83F-4EB4-A54F-91DBB2F3D131}.Release|Mixed Platforms.ActiveCfg = Release|Any CPU
		{B19FA966-C83F-4EB4-A54F-91DBB2F3D131}.Release|Mixed Platforms.Build.0 = Release|Any CPU
		{B19FA966-C83F-4EB4-A54F-91DBB2F3D131}.Release|Win32.ActiveCfg = Release|Any CPU
		{B19FA966-C83F-4EB4-A54F-91DBB2F3D131}.Release|x86.ActiveCfg = Release|Any CPU
		{B19FA966-C83F-4EB4-A54F-91DBB2F3D131}.Setup|Any CPU.ActiveCfg = Release|Any CPU
		{B19FA966-C83F-4EB4-A54F-91DBB2F3D131}.Setup|Any CPU.Build.0 = Release|Any CPU
		{B19FA966-C83F-4EB4-A54F-91DBB2F3D131}.Setup|Mixed Platforms.ActiveCfg = Release|Any CPU
		{B19FA966-C83F-4EB4-A54F-91DBB2F3D131}.Setup|Mixed Platforms.Build.0 = Release|Any CPU
		{B19FA966-C83F-4EB4-A54F-91DBB2F3D131}.Setup|Win32.ActiveCfg = Release|Any CPU
		{B19FA966-C83F-4EB4-A54F-91DBB2F3D131}.Setup|x86.ActiveCfg = Release|Any CPU
		{6337EF76-989D-4F38-8CE9-691D87CF428C}.Debug|Any CPU.ActiveCfg = Debug|Any CPU
		{6337EF76-989D-4F38-8CE9-691D87CF428C}.Debug|Any CPU.Build.0 = Debug|Any CPU
		{6337EF76-989D-4F38-8CE9-691D87CF428C}.Debug|Mixed Platforms.ActiveCfg = Debug|x86
		{6337EF76-989D-4F38-8CE9-691D87CF428C}.Debug|Mixed Platforms.Build.0 = Debug|x86
		{6337EF76-989D-4F38-8CE9-691D87CF428C}.Debug|Win32.ActiveCfg = Debug|x86
		{6337EF76-989D-4F38-8CE9-691D87CF428C}.Debug|x86.ActiveCfg = Debug|x86
		{6337EF76-989D-4F38-8CE9-691D87CF428C}.Debug|x86.Build.0 = Debug|x86
		{6337EF76-989D-4F38-8CE9-691D87CF428C}.Dev|Any CPU.ActiveCfg = Debug|x86
		{6337EF76-989D-4F38-8CE9-691D87CF428C}.Dev|Mixed Platforms.ActiveCfg = Debug|x86
		{6337EF76-989D-4F38-8CE9-691D87CF428C}.Dev|Mixed Platforms.Build.0 = Debug|x86
		{6337EF76-989D-4F38-8CE9-691D87CF428C}.Dev|Win32.ActiveCfg = Debug|x86
		{6337EF76-989D-4F38-8CE9-691D87CF428C}.Dev|x86.ActiveCfg = Debug|x86
		{6337EF76-989D-4F38-8CE9-691D87CF428C}.Dev|x86.Build.0 = Debug|x86
		{6337EF76-989D-4F38-8CE9-691D87CF428C}.Documentation|Any CPU.ActiveCfg = Debug|Any CPU
		{6337EF76-989D-4F38-8CE9-691D87CF428C}.Documentation|Mixed Platforms.ActiveCfg = Debug|Any CPU
		{6337EF76-989D-4F38-8CE9-691D87CF428C}.Documentation|Mixed Platforms.Build.0 = Debug|Any CPU
		{6337EF76-989D-4F38-8CE9-691D87CF428C}.Documentation|Win32.ActiveCfg = Debug|x86
		{6337EF76-989D-4F38-8CE9-691D87CF428C}.Documentation|x86.ActiveCfg = Debug|x86
		{6337EF76-989D-4F38-8CE9-691D87CF428C}.Documentation|x86.Build.0 = Debug|x86
		{6337EF76-989D-4F38-8CE9-691D87CF428C}.Release|Any CPU.ActiveCfg = Release|Any CPU
		{6337EF76-989D-4F38-8CE9-691D87CF428C}.Release|Any CPU.Build.0 = Release|Any CPU
		{6337EF76-989D-4F38-8CE9-691D87CF428C}.Release|Mixed Platforms.ActiveCfg = Release|Any CPU
		{6337EF76-989D-4F38-8CE9-691D87CF428C}.Release|Mixed Platforms.Build.0 = Release|Any CPU
		{6337EF76-989D-4F38-8CE9-691D87CF428C}.Release|Win32.ActiveCfg = Release|x86
		{6337EF76-989D-4F38-8CE9-691D87CF428C}.Release|x86.ActiveCfg = Release|x86
		{6337EF76-989D-4F38-8CE9-691D87CF428C}.Release|x86.Build.0 = Release|x86
		{6337EF76-989D-4F38-8CE9-691D87CF428C}.Setup|Any CPU.ActiveCfg = Release|Any CPU
		{6337EF76-989D-4F38-8CE9-691D87CF428C}.Setup|Any CPU.Build.0 = Release|Any CPU
		{6337EF76-989D-4F38-8CE9-691D87CF428C}.Setup|Mixed Platforms.ActiveCfg = Release|Any CPU
		{6337EF76-989D-4F38-8CE9-691D87CF428C}.Setup|Mixed Platforms.Build.0 = Release|Any CPU
		{6337EF76-989D-4F38-8CE9-691D87CF428C}.Setup|Win32.ActiveCfg = Release|x86
		{6337EF76-989D-4F38-8CE9-691D87CF428C}.Setup|x86.ActiveCfg = Release|x86
		{6337EF76-989D-4F38-8CE9-691D87CF428C}.Setup|x86.Build.0 = Release|x86
		{FBAE5100-910D-42C2-AD0F-86211D463F84}.Debug|Any CPU.ActiveCfg = Debug|Win32
		{FBAE5100-910D-42C2-AD0F-86211D463F84}.Debug|Mixed Platforms.ActiveCfg = Debug|Win32
		{FBAE5100-910D-42C2-AD0F-86211D463F84}.Debug|Mixed Platforms.Build.0 = Debug|Win32
		{FBAE5100-910D-42C2-AD0F-86211D463F84}.Debug|Win32.ActiveCfg = Debug|Win32
		{FBAE5100-910D-42C2-AD0F-86211D463F84}.Debug|Win32.Build.0 = Debug|Win32
		{FBAE5100-910D-42C2-AD0F-86211D463F84}.Debug|x86.ActiveCfg = Debug|Win32
		{FBAE5100-910D-42C2-AD0F-86211D463F84}.Dev|Any CPU.ActiveCfg = Debug|Win32
		{FBAE5100-910D-42C2-AD0F-86211D463F84}.Dev|Mixed Platforms.ActiveCfg = Debug|Win32
		{FBAE5100-910D-42C2-AD0F-86211D463F84}.Dev|Mixed Platforms.Build.0 = Debug|Win32
		{FBAE5100-910D-42C2-AD0F-86211D463F84}.Dev|Win32.ActiveCfg = Debug|Win32
		{FBAE5100-910D-42C2-AD0F-86211D463F84}.Dev|Win32.Build.0 = Debug|Win32
		{FBAE5100-910D-42C2-AD0F-86211D463F84}.Dev|x86.ActiveCfg = Debug|Win32
		{FBAE5100-910D-42C2-AD0F-86211D463F84}.Documentation|Any CPU.ActiveCfg = Debug|Win32
		{FBAE5100-910D-42C2-AD0F-86211D463F84}.Documentation|Any CPU.Build.0 = Debug|Win32
		{FBAE5100-910D-42C2-AD0F-86211D463F84}.Documentation|Mixed Platforms.ActiveCfg = Debug|Win32
		{FBAE5100-910D-42C2-AD0F-86211D463F84}.Documentation|Mixed Platforms.Build.0 = Debug|Win32
		{FBAE5100-910D-42C2-AD0F-86211D463F84}.Documentation|Win32.ActiveCfg = Debug|Win32
		{FBAE5100-910D-42C2-AD0F-86211D463F84}.Documentation|Win32.Build.0 = Debug|Win32
		{FBAE5100-910D-42C2-AD0F-86211D463F84}.Documentation|x86.ActiveCfg = Debug|Win32
		{FBAE5100-910D-42C2-AD0F-86211D463F84}.Release|Any CPU.ActiveCfg = Release|Win32
		{FBAE5100-910D-42C2-AD0F-86211D463F84}.Release|Mixed Platforms.ActiveCfg = Release|Win32
		{FBAE5100-910D-42C2-AD0F-86211D463F84}.Release|Mixed Platforms.Build.0 = Release|Win32
		{FBAE5100-910D-42C2-AD0F-86211D463F84}.Release|Win32.ActiveCfg = Release|Win32
		{FBAE5100-910D-42C2-AD0F-86211D463F84}.Release|Win32.Build.0 = Release|Win32
		{FBAE5100-910D-42C2-AD0F-86211D463F84}.Release|x86.ActiveCfg = Release|Win32
		{FBAE5100-910D-42C2-AD0F-86211D463F84}.Setup|Any CPU.ActiveCfg = Release|Win32
		{FBAE5100-910D-42C2-AD0F-86211D463F84}.Setup|Any CPU.Build.0 = Release|Win32
		{FBAE5100-910D-42C2-AD0F-86211D463F84}.Setup|Mixed Platforms.ActiveCfg = Release|Win32
		{FBAE5100-910D-42C2-AD0F-86211D463F84}.Setup|Mixed Platforms.Build.0 = Release|Win32
		{FBAE5100-910D-42C2-AD0F-86211D463F84}.Setup|Win32.ActiveCfg = Release|Win32
		{FBAE5100-910D-42C2-AD0F-86211D463F84}.Setup|Win32.Build.0 = Release|Win32
		{FBAE5100-910D-42C2-AD0F-86211D463F84}.Setup|x86.ActiveCfg = Release|Win32
		{43FC033E-9AA9-4C4C-971F-0D120B7B399C}.Debug|Any CPU.ActiveCfg = Debug|Any CPU
		{43FC033E-9AA9-4C4C-971F-0D120B7B399C}.Debug|Any CPU.Build.0 = Debug|Any CPU
		{43FC033E-9AA9-4C4C-971F-0D120B7B399C}.Debug|Mixed Platforms.ActiveCfg = Debug|x86
		{43FC033E-9AA9-4C4C-971F-0D120B7B399C}.Debug|Mixed Platforms.Build.0 = Debug|x86
		{43FC033E-9AA9-4C4C-971F-0D120B7B399C}.Debug|Win32.ActiveCfg = Debug|x86
		{43FC033E-9AA9-4C4C-971F-0D120B7B399C}.Debug|x86.ActiveCfg = Debug|x86
		{43FC033E-9AA9-4C4C-971F-0D120B7B399C}.Debug|x86.Build.0 = Debug|x86
		{43FC033E-9AA9-4C4C-971F-0D120B7B399C}.Dev|Any CPU.ActiveCfg = Debug|x86
		{43FC033E-9AA9-4C4C-971F-0D120B7B399C}.Dev|Mixed Platforms.ActiveCfg = Debug|x86
		{43FC033E-9AA9-4C4C-971F-0D120B7B399C}.Dev|Mixed Platforms.Build.0 = Debug|x86
		{43FC033E-9AA9-4C4C-971F-0D120B7B399C}.Dev|Win32.ActiveCfg = Debug|x86
		{43FC033E-9AA9-4C4C-971F-0D120B7B399C}.Dev|x86.ActiveCfg = Debug|x86
		{43FC033E-9AA9-4C4C-971F-0D120B7B399C}.Dev|x86.Build.0 = Debug|x86
		{43FC033E-9AA9-4C4C-971F-0D120B7B399C}.Documentation|Any CPU.ActiveCfg = Debug|Any CPU
		{43FC033E-9AA9-4C4C-971F-0D120B7B399C}.Documentation|Mixed Platforms.ActiveCfg = Debug|x86
		{43FC033E-9AA9-4C4C-971F-0D120B7B399C}.Documentation|Mixed Platforms.Build.0 = Debug|x86
		{43FC033E-9AA9-4C4C-971F-0D120B7B399C}.Documentation|Win32.ActiveCfg = Debug|x86
		{43FC033E-9AA9-4C4C-971F-0D120B7B399C}.Documentation|x86.ActiveCfg = Debug|x86
		{43FC033E-9AA9-4C4C-971F-0D120B7B399C}.Documentation|x86.Build.0 = Debug|x86
		{43FC033E-9AA9-4C4C-971F-0D120B7B399C}.Release|Any CPU.ActiveCfg = Release|Any CPU
		{43FC033E-9AA9-4C4C-971F-0D120B7B399C}.Release|Any CPU.Build.0 = Release|Any CPU
		{43FC033E-9AA9-4C4C-971F-0D120B7B399C}.Release|Mixed Platforms.ActiveCfg = Release|x86
		{43FC033E-9AA9-4C4C-971F-0D120B7B399C}.Release|Mixed Platforms.Build.0 = Release|x86
		{43FC033E-9AA9-4C4C-971F-0D120B7B399C}.Release|Win32.ActiveCfg = Release|x86
		{43FC033E-9AA9-4C4C-971F-0D120B7B399C}.Release|x86.ActiveCfg = Release|x86
		{43FC033E-9AA9-4C4C-971F-0D120B7B399C}.Release|x86.Build.0 = Release|x86
		{43FC033E-9AA9-4C4C-971F-0D120B7B399C}.Setup|Any CPU.ActiveCfg = Release|Any CPU
		{43FC033E-9AA9-4C4C-971F-0D120B7B399C}.Setup|Any CPU.Build.0 = Release|Any CPU
		{43FC033E-9AA9-4C4C-971F-0D120B7B399C}.Setup|Mixed Platforms.ActiveCfg = Release|x86
		{43FC033E-9AA9-4C4C-971F-0D120B7B399C}.Setup|Mixed Platforms.Build.0 = Release|x86
		{43FC033E-9AA9-4C4C-971F-0D120B7B399C}.Setup|Win32.ActiveCfg = Release|x86
		{43FC033E-9AA9-4C4C-971F-0D120B7B399C}.Setup|x86.ActiveCfg = Release|x86
		{43FC033E-9AA9-4C4C-971F-0D120B7B399C}.Setup|x86.Build.0 = Release|x86
		{484E6EEE-3D70-483B-A239-1167A0C88307}.Debug|Any CPU.ActiveCfg = Debug|Any CPU
		{484E6EEE-3D70-483B-A239-1167A0C88307}.Debug|Any CPU.Build.0 = Debug|Any CPU
		{484E6EEE-3D70-483B-A239-1167A0C88307}.Debug|Mixed Platforms.ActiveCfg = Debug|x86
		{484E6EEE-3D70-483B-A239-1167A0C88307}.Debug|Mixed Platforms.Build.0 = Debug|x86
		{484E6EEE-3D70-483B-A239-1167A0C88307}.Debug|Win32.ActiveCfg = Debug|x86
		{484E6EEE-3D70-483B-A239-1167A0C88307}.Debug|x86.ActiveCfg = Debug|x86
		{484E6EEE-3D70-483B-A239-1167A0C88307}.Debug|x86.Build.0 = Debug|x86
		{484E6EEE-3D70-483B-A239-1167A0C88307}.Dev|Any CPU.ActiveCfg = Debug|x86
		{484E6EEE-3D70-483B-A239-1167A0C88307}.Dev|Mixed Platforms.ActiveCfg = Debug|x86
		{484E6EEE-3D70-483B-A239-1167A0C88307}.Dev|Mixed Platforms.Build.0 = Debug|x86
		{484E6EEE-3D70-483B-A239-1167A0C88307}.Dev|Win32.ActiveCfg = Debug|x86
		{484E6EEE-3D70-483B-A239-1167A0C88307}.Dev|x86.ActiveCfg = Debug|x86
		{484E6EEE-3D70-483B-A239-1167A0C88307}.Dev|x86.Build.0 = Debug|x86
		{484E6EEE-3D70-483B-A239-1167A0C88307}.Documentation|Any CPU.ActiveCfg = Debug|Any CPU
		{484E6EEE-3D70-483B-A239-1167A0C88307}.Documentation|Mixed Platforms.ActiveCfg = Debug|x86
		{484E6EEE-3D70-483B-A239-1167A0C88307}.Documentation|Mixed Platforms.Build.0 = Debug|x86
		{484E6EEE-3D70-483B-A239-1167A0C88307}.Documentation|Win32.ActiveCfg = Debug|x86
		{484E6EEE-3D70-483B-A239-1167A0C88307}.Documentation|x86.ActiveCfg = Debug|x86
		{484E6EEE-3D70-483B-A239-1167A0C88307}.Documentation|x86.Build.0 = Debug|x86
		{484E6EEE-3D70-483B-A239-1167A0C88307}.Release|Any CPU.ActiveCfg = Release|Any CPU
		{484E6EEE-3D70-483B-A239-1167A0C88307}.Release|Any CPU.Build.0 = Release|Any CPU
		{484E6EEE-3D70-483B-A239-1167A0C88307}.Release|Mixed Platforms.ActiveCfg = Release|x86
		{484E6EEE-3D70-483B-A239-1167A0C88307}.Release|Mixed Platforms.Build.0 = Release|x86
		{484E6EEE-3D70-483B-A239-1167A0C88307}.Release|Win32.ActiveCfg = Release|x86
		{484E6EEE-3D70-483B-A239-1167A0C88307}.Release|x86.ActiveCfg = Release|x86
		{484E6EEE-3D70-483B-A239-1167A0C88307}.Release|x86.Build.0 = Release|x86
		{484E6EEE-3D70-483B-A239-1167A0C88307}.Setup|Any CPU.ActiveCfg = Release|Any CPU
		{484E6EEE-3D70-483B-A239-1167A0C88307}.Setup|Any CPU.Build.0 = Release|Any CPU
		{484E6EEE-3D70-483B-A239-1167A0C88307}.Setup|Mixed Platforms.ActiveCfg = Release|x86
		{484E6EEE-3D70-483B-A239-1167A0C88307}.Setup|Mixed Platforms.Build.0 = Release|x86
		{484E6EEE-3D70-483B-A239-1167A0C88307}.Setup|Win32.ActiveCfg = Release|x86
		{484E6EEE-3D70-483B-A239-1167A0C88307}.Setup|x86.ActiveCfg = Release|x86
		{484E6EEE-3D70-483B-A239-1167A0C88307}.Setup|x86.Build.0 = Release|x86
		{2BBD3133-FC3C-4716-9037-2A554A80012C}.Debug|Any CPU.ActiveCfg = Debug|Any CPU
		{2BBD3133-FC3C-4716-9037-2A554A80012C}.Debug|Any CPU.Build.0 = Debug|Any CPU
		{2BBD3133-FC3C-4716-9037-2A554A80012C}.Debug|Mixed Platforms.ActiveCfg = Debug|Any CPU
		{2BBD3133-FC3C-4716-9037-2A554A80012C}.Debug|Mixed Platforms.Build.0 = Debug|Any CPU
		{2BBD3133-FC3C-4716-9037-2A554A80012C}.Debug|Win32.ActiveCfg = Debug|Any CPU
		{2BBD3133-FC3C-4716-9037-2A554A80012C}.Debug|x86.ActiveCfg = Debug|Any CPU
		{2BBD3133-FC3C-4716-9037-2A554A80012C}.Dev|Any CPU.ActiveCfg = Debug|Any CPU
		{2BBD3133-FC3C-4716-9037-2A554A80012C}.Dev|Any CPU.Build.0 = Debug|Any CPU
		{2BBD3133-FC3C-4716-9037-2A554A80012C}.Dev|Mixed Platforms.ActiveCfg = Debug|Any CPU
		{2BBD3133-FC3C-4716-9037-2A554A80012C}.Dev|Mixed Platforms.Build.0 = Debug|Any CPU
		{2BBD3133-FC3C-4716-9037-2A554A80012C}.Dev|Win32.ActiveCfg = Debug|Any CPU
		{2BBD3133-FC3C-4716-9037-2A554A80012C}.Dev|x86.ActiveCfg = Debug|Any CPU
		{2BBD3133-FC3C-4716-9037-2A554A80012C}.Documentation|Any CPU.ActiveCfg = Debug|Any CPU
		{2BBD3133-FC3C-4716-9037-2A554A80012C}.Documentation|Any CPU.Build.0 = Debug|Any CPU
		{2BBD3133-FC3C-4716-9037-2A554A80012C}.Documentation|Mixed Platforms.ActiveCfg = Debug|Any CPU
		{2BBD3133-FC3C-4716-9037-2A554A80012C}.Documentation|Mixed Platforms.Build.0 = Debug|Any CPU
		{2BBD3133-FC3C-4716-9037-2A554A80012C}.Documentation|Win32.ActiveCfg = Debug|Any CPU
		{2BBD3133-FC3C-4716-9037-2A554A80012C}.Documentation|x86.ActiveCfg = Debug|Any CPU
		{2BBD3133-FC3C-4716-9037-2A554A80012C}.Release|Any CPU.ActiveCfg = Release|Any CPU
		{2BBD3133-FC3C-4716-9037-2A554A80012C}.Release|Any CPU.Build.0 = Release|Any CPU
		{2BBD3133-FC3C-4716-9037-2A554A80012C}.Release|Mixed Platforms.ActiveCfg = Release|Any CPU
		{2BBD3133-FC3C-4716-9037-2A554A80012C}.Release|Mixed Platforms.Build.0 = Release|Any CPU
		{2BBD3133-FC3C-4716-9037-2A554A80012C}.Release|Win32.ActiveCfg = Release|Any CPU
		{2BBD3133-FC3C-4716-9037-2A554A80012C}.Release|x86.ActiveCfg = Release|Any CPU
		{2BBD3133-FC3C-4716-9037-2A554A80012C}.Setup|Any CPU.ActiveCfg = Release|Any CPU
		{2BBD3133-FC3C-4716-9037-2A554A80012C}.Setup|Any CPU.Build.0 = Release|Any CPU
		{2BBD3133-FC3C-4716-9037-2A554A80012C}.Setup|Mixed Platforms.ActiveCfg = Release|Any CPU
		{2BBD3133-FC3C-4716-9037-2A554A80012C}.Setup|Mixed Platforms.Build.0 = Release|Any CPU
		{2BBD3133-FC3C-4716-9037-2A554A80012C}.Setup|Win32.ActiveCfg = Release|Any CPU
		{2BBD3133-FC3C-4716-9037-2A554A80012C}.Setup|x86.ActiveCfg = Release|Any CPU
		{E180A1D7-8B88-4600-9EB4-96E9FAE7B7F8}.Debug|Any CPU.ActiveCfg = Debug|Any CPU
		{E180A1D7-8B88-4600-9EB4-96E9FAE7B7F8}.Debug|Any CPU.Build.0 = Debug|Any CPU
		{E180A1D7-8B88-4600-9EB4-96E9FAE7B7F8}.Debug|Mixed Platforms.ActiveCfg = Debug|Any CPU
		{E180A1D7-8B88-4600-9EB4-96E9FAE7B7F8}.Debug|Mixed Platforms.Build.0 = Debug|Any CPU
		{E180A1D7-8B88-4600-9EB4-96E9FAE7B7F8}.Debug|Win32.ActiveCfg = Debug|Any CPU
		{E180A1D7-8B88-4600-9EB4-96E9FAE7B7F8}.Debug|x86.ActiveCfg = Debug|Any CPU
		{E180A1D7-8B88-4600-9EB4-96E9FAE7B7F8}.Dev|Any CPU.ActiveCfg = Debug|Any CPU
		{E180A1D7-8B88-4600-9EB4-96E9FAE7B7F8}.Dev|Any CPU.Build.0 = Debug|Any CPU
		{E180A1D7-8B88-4600-9EB4-96E9FAE7B7F8}.Dev|Mixed Platforms.ActiveCfg = Debug|Any CPU
		{E180A1D7-8B88-4600-9EB4-96E9FAE7B7F8}.Dev|Mixed Platforms.Build.0 = Debug|Any CPU
		{E180A1D7-8B88-4600-9EB4-96E9FAE7B7F8}.Dev|Win32.ActiveCfg = Debug|Any CPU
		{E180A1D7-8B88-4600-9EB4-96E9FAE7B7F8}.Dev|x86.ActiveCfg = Debug|Any CPU
		{E180A1D7-8B88-4600-9EB4-96E9FAE7B7F8}.Documentation|Any CPU.ActiveCfg = Debug|Any CPU
		{E180A1D7-8B88-4600-9EB4-96E9FAE7B7F8}.Documentation|Any CPU.Build.0 = Debug|Any CPU
		{E180A1D7-8B88-4600-9EB4-96E9FAE7B7F8}.Documentation|Mixed Platforms.ActiveCfg = Debug|Any CPU
		{E180A1D7-8B88-4600-9EB4-96E9FAE7B7F8}.Documentation|Mixed Platforms.Build.0 = Debug|Any CPU
		{E180A1D7-8B88-4600-9EB4-96E9FAE7B7F8}.Documentation|Win32.ActiveCfg = Debug|Any CPU
		{E180A1D7-8B88-4600-9EB4-96E9FAE7B7F8}.Documentation|x86.ActiveCfg = Debug|Any CPU
		{E180A1D7-8B88-4600-9EB4-96E9FAE7B7F8}.Release|Any CPU.ActiveCfg = Release|Any CPU
		{E180A1D7-8B88-4600-9EB4-96E9FAE7B7F8}.Release|Any CPU.Build.0 = Release|Any CPU
		{E180A1D7-8B88-4600-9EB4-96E9FAE7B7F8}.Release|Mixed Platforms.ActiveCfg = Release|Any CPU
		{E180A1D7-8B88-4600-9EB4-96E9FAE7B7F8}.Release|Mixed Platforms.Build.0 = Release|Any CPU
		{E180A1D7-8B88-4600-9EB4-96E9FAE7B7F8}.Release|Win32.ActiveCfg = Release|Any CPU
		{E180A1D7-8B88-4600-9EB4-96E9FAE7B7F8}.Release|x86.ActiveCfg = Release|Any CPU
		{E180A1D7-8B88-4600-9EB4-96E9FAE7B7F8}.Setup|Any CPU.ActiveCfg = Release|Any CPU
		{E180A1D7-8B88-4600-9EB4-96E9FAE7B7F8}.Setup|Any CPU.Build.0 = Release|Any CPU
		{E180A1D7-8B88-4600-9EB4-96E9FAE7B7F8}.Setup|Mixed Platforms.ActiveCfg = Release|Any CPU
		{E180A1D7-8B88-4600-9EB4-96E9FAE7B7F8}.Setup|Mixed Platforms.Build.0 = Release|Any CPU
		{E180A1D7-8B88-4600-9EB4-96E9FAE7B7F8}.Setup|Win32.ActiveCfg = Release|Any CPU
		{E180A1D7-8B88-4600-9EB4-96E9FAE7B7F8}.Setup|x86.ActiveCfg = Release|Any CPU
		{8192A79A-0587-45AE-A8B8-49CA508A80D6}.Debug|Any CPU.ActiveCfg = Debug|Any CPU
		{8192A79A-0587-45AE-A8B8-49CA508A80D6}.Debug|Any CPU.Build.0 = Debug|Any CPU
		{8192A79A-0587-45AE-A8B8-49CA508A80D6}.Debug|Mixed Platforms.ActiveCfg = Debug|Any CPU
		{8192A79A-0587-45AE-A8B8-49CA508A80D6}.Debug|Mixed Platforms.Build.0 = Debug|Any CPU
		{8192A79A-0587-45AE-A8B8-49CA508A80D6}.Debug|Win32.ActiveCfg = Debug|Any CPU
		{8192A79A-0587-45AE-A8B8-49CA508A80D6}.Debug|x86.ActiveCfg = Debug|Any CPU
		{8192A79A-0587-45AE-A8B8-49CA508A80D6}.Dev|Any CPU.ActiveCfg = Debug|Any CPU
		{8192A79A-0587-45AE-A8B8-49CA508A80D6}.Dev|Any CPU.Build.0 = Debug|Any CPU
		{8192A79A-0587-45AE-A8B8-49CA508A80D6}.Dev|Mixed Platforms.ActiveCfg = Debug|Any CPU
		{8192A79A-0587-45AE-A8B8-49CA508A80D6}.Dev|Mixed Platforms.Build.0 = Debug|Any CPU
		{8192A79A-0587-45AE-A8B8-49CA508A80D6}.Dev|Win32.ActiveCfg = Debug|Any CPU
		{8192A79A-0587-45AE-A8B8-49CA508A80D6}.Dev|x86.ActiveCfg = Debug|Any CPU
		{8192A79A-0587-45AE-A8B8-49CA508A80D6}.Documentation|Any CPU.ActiveCfg = Debug|Any CPU
		{8192A79A-0587-45AE-A8B8-49CA508A80D6}.Documentation|Any CPU.Build.0 = Debug|Any CPU
		{8192A79A-0587-45AE-A8B8-49CA508A80D6}.Documentation|Mixed Platforms.ActiveCfg = Debug|Any CPU
		{8192A79A-0587-45AE-A8B8-49CA508A80D6}.Documentation|Mixed Platforms.Build.0 = Debug|Any CPU
		{8192A79A-0587-45AE-A8B8-49CA508A80D6}.Documentation|Win32.ActiveCfg = Debug|Any CPU
		{8192A79A-0587-45AE-A8B8-49CA508A80D6}.Documentation|x86.ActiveCfg = Debug|Any CPU
		{8192A79A-0587-45AE-A8B8-49CA508A80D6}.Release|Any CPU.ActiveCfg = Release|Any CPU
		{8192A79A-0587-45AE-A8B8-49CA508A80D6}.Release|Any CPU.Build.0 = Release|Any CPU
		{8192A79A-0587-45AE-A8B8-49CA508A80D6}.Release|Mixed Platforms.ActiveCfg = Release|Any CPU
		{8192A79A-0587-45AE-A8B8-49CA508A80D6}.Release|Mixed Platforms.Build.0 = Release|Any CPU
		{8192A79A-0587-45AE-A8B8-49CA508A80D6}.Release|Win32.ActiveCfg = Release|Any CPU
		{8192A79A-0587-45AE-A8B8-49CA508A80D6}.Release|x86.ActiveCfg = Release|Any CPU
		{8192A79A-0587-45AE-A8B8-49CA508A80D6}.Setup|Any CPU.ActiveCfg = Release|Any CPU
		{8192A79A-0587-45AE-A8B8-49CA508A80D6}.Setup|Any CPU.Build.0 = Release|Any CPU
		{8192A79A-0587-45AE-A8B8-49CA508A80D6}.Setup|Mixed Platforms.ActiveCfg = Release|Any CPU
		{8192A79A-0587-45AE-A8B8-49CA508A80D6}.Setup|Mixed Platforms.Build.0 = Release|Any CPU
		{8192A79A-0587-45AE-A8B8-49CA508A80D6}.Setup|Win32.ActiveCfg = Release|Any CPU
		{8192A79A-0587-45AE-A8B8-49CA508A80D6}.Setup|x86.ActiveCfg = Release|Any CPU
	EndGlobalSection
	GlobalSection(SolutionProperties) = preSolution
		HideSolutionNode = FALSE
	EndGlobalSection
	GlobalSection(NestedProjects) = preSolution
		{A1BDB54C-CB6A-4058-9DD0-25283D043E95} = {BFF37688-E2D8-424B-8EA9-32328F0837B9}
		{49761CD0-1681-4A8B-869F-60B402894436} = {BFF37688-E2D8-424B-8EA9-32328F0837B9}
		{58E45382-1588-4873-8F9F-6D7F7533FE4F} = {BFF37688-E2D8-424B-8EA9-32328F0837B9}
		{86D15812-EED0-40D3-B3B6-E562A327D9BE} = {BFF37688-E2D8-424B-8EA9-32328F0837B9}
		{024BF7CA-8E00-47C0-8492-917A8B73446D} = {BFF37688-E2D8-424B-8EA9-32328F0837B9}
		{35CF69F8-3886-4718-86FD-9B66DC4454B8} = {BFF37688-E2D8-424B-8EA9-32328F0837B9}
		{433C8850-540F-465B-A680-F0697399E96E} = {BFF37688-E2D8-424B-8EA9-32328F0837B9}
		{8A295611-51E0-4CD6-87F6-894050CB76AD} = {74402C97-6458-4B8E-9DA6-DCF5DF6C6884}
		{2A804D41-E15F-45BE-B343-322F96900705} = {74402C97-6458-4B8E-9DA6-DCF5DF6C6884}
		{57B08CFC-F839-4C2B-A93D-E0A4C019CF6A} = {BFF37688-E2D8-424B-8EA9-32328F0837B9}
		{2C6C872F-FB8D-4AD5-A14B-5A7AE9B8A89B} = {BFF37688-E2D8-424B-8EA9-32328F0837B9}
		{E744FE0E-5802-4B6A-86EB-46BF29804075} = {BFF37688-E2D8-424B-8EA9-32328F0837B9}
		{0CFF5CBF-6AE5-491C-8A2D-D082D012FC8F} = {BFF37688-E2D8-424B-8EA9-32328F0837B9}
		{A51043AD-063D-4693-A40A-E85219CFCDCA} = {BFF37688-E2D8-424B-8EA9-32328F0837B9}
		{E2D10969-77AD-40C9-9F90-3ACEFE92A573} = {6826215F-38F3-412D-8255-7A6BD788018B}
		{866F8D29-C6AC-4F9A-BCBA-7D60B9D79E5F} = {BFF37688-E2D8-424B-8EA9-32328F0837B9}
		{C5629651-79A4-4AEE-B316-0DC7116D6176} = {BFF37688-E2D8-424B-8EA9-32328F0837B9}
		{FC2BC821-DBA7-4606-9C13-A85A0A253CBB} = {6826215F-38F3-412D-8255-7A6BD788018B}
		{253B3D57-F8C5-424D-AACF-55989CEA688E} = {6826215F-38F3-412D-8255-7A6BD788018B}
		{B19FA966-C83F-4EB4-A54F-91DBB2F3D131} = {6826215F-38F3-412D-8255-7A6BD788018B}
		{43FC033E-9AA9-4C4C-971F-0D120B7B399C} = {74402C97-6458-4B8E-9DA6-DCF5DF6C6884}
		{484E6EEE-3D70-483B-A239-1167A0C88307} = {74402C97-6458-4B8E-9DA6-DCF5DF6C6884}
		{2BBD3133-FC3C-4716-9037-2A554A80012C} = {74402C97-6458-4B8E-9DA6-DCF5DF6C6884}
		{E180A1D7-8B88-4600-9EB4-96E9FAE7B7F8} = {BFF37688-E2D8-424B-8EA9-32328F0837B9}
		{8192A79A-0587-45AE-A8B8-49CA508A80D6} = {6826215F-38F3-412D-8255-7A6BD788018B}
	EndGlobalSection
EndGlobal
