
Microsoft Visual Studio Solution File, Format Version 11.00
# Visual Studio 2010
Project("{FAE04EC0-301F-11D3-BF4B-00C04F79EFBC}") = "UnitTests", "UnitTests.csproj", "{6764F828-CF46-40E7-9558-F843453574B1}"
EndProject
Project("{2150E333-8FDC-42A3-9474-1A3956D46DE8}") = "Solution Items", "Solution Items", "{19FED39A-EB67-41A7-90DD-5B060C88545E}"
	ProjectSection(SolutionItems) = preProject
		Local.testsettings = Local.testsettings
		Tests.vsmdi = Tests.vsmdi
		TraceAndTestImpact.testsettings = TraceAndTestImpact.testsettings
	EndProjectSection
EndProject
Global
	GlobalSection(TestCaseManagementSettings) = postSolution
		CategoryFile = Tests.vsmdi
	EndGlobalSection
	GlobalSection(SolutionConfigurationPlatforms) = preSolution
		Debug|Any CPU = Debug|Any CPU
		Release|Any CPU = Release|Any CPU
	EndGlobalSection
	GlobalSection(ProjectConfigurationPlatforms) = postSolution
		{6764F828-CF46-40E7-9558-F843453574B1}.Debug|Any CPU.ActiveCfg = Debug|Any CPU
		{6764F828-CF46-40E7-9558-F843453574B1}.Debug|Any CPU.Build.0 = Debug|Any CPU
		{6764F828-CF46-40E7-9558-F843453574B1}.Release|Any CPU.ActiveCfg = Release|Any CPU
		{6764F828-CF46-40E7-9558-F843453574B1}.Release|Any CPU.Build.0 = Release|Any CPU
	EndGlobalSection
	GlobalSection(SolutionProperties) = preSolution
		HideSolutionNode = FALSE
	EndGlobalSection
EndGlobal
